// !$*UTF8*$!
{
	archiveVersion = 1;
	classes = {
	};
	objectVersion = 46;
	objects = {

/* Begin PBXBuildFile section */
		1B0DDB5A0A2CB1B30009B697 /* CharDistribution.cpp in Sources */ = {isa = PBXBuildFile; fileRef = 1B0DDB1A0A2CB1B30009B697 /* CharDistribution.cpp */; };
		1B0DDB600A2CB1B30009B697 /* JpCntx.cpp in Sources */ = {isa = PBXBuildFile; fileRef = 1B0DDB200A2CB1B30009B697 /* JpCntx.cpp */; };
		1B0DDB620A2CB1B30009B697 /* LangBulgarianModel.cpp in Sources */ = {isa = PBXBuildFile; fileRef = 1B0DDB220A2CB1B30009B697 /* LangBulgarianModel.cpp */; };
		1B0DDB630A2CB1B30009B697 /* LangCyrillicModel.cpp in Sources */ = {isa = PBXBuildFile; fileRef = 1B0DDB230A2CB1B30009B697 /* LangCyrillicModel.cpp */; };
		1B0DDB640A2CB1B30009B697 /* LangGreekModel.cpp in Sources */ = {isa = PBXBuildFile; fileRef = 1B0DDB240A2CB1B30009B697 /* LangGreekModel.cpp */; };
		1B0DDB650A2CB1B30009B697 /* LangHebrewModel.cpp in Sources */ = {isa = PBXBuildFile; fileRef = 1B0DDB250A2CB1B30009B697 /* LangHebrewModel.cpp */; };
		1B0DDB660A2CB1B30009B697 /* LangHungarianModel.cpp in Sources */ = {isa = PBXBuildFile; fileRef = 1B0DDB260A2CB1B30009B697 /* LangHungarianModel.cpp */; };
		1B0DDB670A2CB1B30009B697 /* LangThaiModel.cpp in Sources */ = {isa = PBXBuildFile; fileRef = 1B0DDB270A2CB1B30009B697 /* LangThaiModel.cpp */; };
		1B0DDB690A2CB1B30009B697 /* nsBig5Prober.cpp in Sources */ = {isa = PBXBuildFile; fileRef = 1B0DDB290A2CB1B30009B697 /* nsBig5Prober.cpp */; };
		1B0DDB6B0A2CB1B30009B697 /* nsCharSetProber.cpp in Sources */ = {isa = PBXBuildFile; fileRef = 1B0DDB2B0A2CB1B30009B697 /* nsCharSetProber.cpp */; };
		1B0DDB6E0A2CB1B30009B697 /* nsEscCharsetProber.cpp in Sources */ = {isa = PBXBuildFile; fileRef = 1B0DDB2E0A2CB1B30009B697 /* nsEscCharsetProber.cpp */; };
		1B0DDB700A2CB1B30009B697 /* nsEscSM.cpp in Sources */ = {isa = PBXBuildFile; fileRef = 1B0DDB300A2CB1B30009B697 /* nsEscSM.cpp */; };
		1B0DDB710A2CB1B30009B697 /* nsEUCJPProber.cpp in Sources */ = {isa = PBXBuildFile; fileRef = 1B0DDB310A2CB1B30009B697 /* nsEUCJPProber.cpp */; };
		1B0DDB730A2CB1B30009B697 /* nsEUCKRProber.cpp in Sources */ = {isa = PBXBuildFile; fileRef = 1B0DDB330A2CB1B30009B697 /* nsEUCKRProber.cpp */; };
		1B0DDB750A2CB1B30009B697 /* nsEUCTWProber.cpp in Sources */ = {isa = PBXBuildFile; fileRef = 1B0DDB350A2CB1B30009B697 /* nsEUCTWProber.cpp */; };
		1B0DDB770A2CB1B30009B697 /* nsGB2312Prober.cpp in Sources */ = {isa = PBXBuildFile; fileRef = 1B0DDB370A2CB1B30009B697 /* nsGB2312Prober.cpp */; };
		1B0DDB790A2CB1B30009B697 /* nsHebrewProber.cpp in Sources */ = {isa = PBXBuildFile; fileRef = 1B0DDB390A2CB1B30009B697 /* nsHebrewProber.cpp */; };
		1B0DDB7B0A2CB1B30009B697 /* nsLatin1Prober.cpp in Sources */ = {isa = PBXBuildFile; fileRef = 1B0DDB3B0A2CB1B30009B697 /* nsLatin1Prober.cpp */; };
		1B0DDB7D0A2CB1B30009B697 /* nsMBCSGroupProber.cpp in Sources */ = {isa = PBXBuildFile; fileRef = 1B0DDB3D0A2CB1B30009B697 /* nsMBCSGroupProber.cpp */; };
		1B0DDB7F0A2CB1B30009B697 /* nsMBCSSM.cpp in Sources */ = {isa = PBXBuildFile; fileRef = 1B0DDB3F0A2CB1B30009B697 /* nsMBCSSM.cpp */; };
		1B0DDB810A2CB1B30009B697 /* nsSBCharSetProber.cpp in Sources */ = {isa = PBXBuildFile; fileRef = 1B0DDB410A2CB1B30009B697 /* nsSBCharSetProber.cpp */; };
		1B0DDB830A2CB1B30009B697 /* nsSBCSGroupProber.cpp in Sources */ = {isa = PBXBuildFile; fileRef = 1B0DDB430A2CB1B30009B697 /* nsSBCSGroupProber.cpp */; };
		1B0DDB850A2CB1B30009B697 /* nsSJISProber.cpp in Sources */ = {isa = PBXBuildFile; fileRef = 1B0DDB450A2CB1B30009B697 /* nsSJISProber.cpp */; };
		1B0DDB8B0A2CB1B30009B697 /* nsUniversalDetector.cpp in Sources */ = {isa = PBXBuildFile; fileRef = 1B0DDB4B0A2CB1B30009B697 /* nsUniversalDetector.cpp */; };
		1B0DDB8D0A2CB1B30009B697 /* nsUTF8Prober.cpp in Sources */ = {isa = PBXBuildFile; fileRef = 1B0DDB4D0A2CB1B30009B697 /* nsUTF8Prober.cpp */; };
		1B0DDC520A2CDA3D0009B697 /* kludge.c in Sources */ = {isa = PBXBuildFile; fileRef = 1B0DDC510A2CDA3D0009B697 /* kludge.c */; };
		1B0DDC750A2CDD2E0009B697 /* UniversalDetector.h in Headers */ = {isa = PBXBuildFile; fileRef = 1B0DDC730A2CDD2D0009B697 /* UniversalDetector.h */; settings = {ATTRIBUTES = (Public, ); }; };
		1B0DDC760A2CDD2E0009B697 /* UniversalDetector.mm in Sources */ = {isa = PBXBuildFile; fileRef = 1B0DDC740A2CDD2E0009B697 /* UniversalDetector.mm */; settings = {COMPILER_FLAGS = "-fobjc-arc"; }; };
		1B0DDCB20A2D0B240009B697 /* DetectorTest.m in Sources */ = {isa = PBXBuildFile; fileRef = 1B0DDCB10A2D0B240009B697 /* DetectorTest.m */; };
		1B0DDCB30A2D0B2E0009B697 /* UniversalDetector.framework in Frameworks */ = {isa = PBXBuildFile; fileRef = 8DC2EF5B0486A6940098B216 /* UniversalDetector.framework */; };
		1B467B0615CD9B1F001AB1DD /* UniversalDetector.mm in Sources */ = {isa = PBXBuildFile; fileRef = 1B0DDC740A2CDD2E0009B697 /* UniversalDetector.mm */; };
		1B467B0715CD9B1F001AB1DD /* CharDistribution.cpp in Sources */ = {isa = PBXBuildFile; fileRef = 1B0DDB1A0A2CB1B30009B697 /* CharDistribution.cpp */; };
		1B467B0815CD9B1F001AB1DD /* JpCntx.cpp in Sources */ = {isa = PBXBuildFile; fileRef = 1B0DDB200A2CB1B30009B697 /* JpCntx.cpp */; };
		1B467B0915CD9B1F001AB1DD /* LangBulgarianModel.cpp in Sources */ = {isa = PBXBuildFile; fileRef = 1B0DDB220A2CB1B30009B697 /* LangBulgarianModel.cpp */; };
		1B467B0A15CD9B1F001AB1DD /* LangCyrillicModel.cpp in Sources */ = {isa = PBXBuildFile; fileRef = 1B0DDB230A2CB1B30009B697 /* LangCyrillicModel.cpp */; };
		1B467B0B15CD9B1F001AB1DD /* LangGreekModel.cpp in Sources */ = {isa = PBXBuildFile; fileRef = 1B0DDB240A2CB1B30009B697 /* LangGreekModel.cpp */; };
		1B467B0C15CD9B1F001AB1DD /* LangHebrewModel.cpp in Sources */ = {isa = PBXBuildFile; fileRef = 1B0DDB250A2CB1B30009B697 /* LangHebrewModel.cpp */; };
		1B467B0D15CD9B1F001AB1DD /* LangHungarianModel.cpp in Sources */ = {isa = PBXBuildFile; fileRef = 1B0DDB260A2CB1B30009B697 /* LangHungarianModel.cpp */; };
		1B467B0E15CD9B1F001AB1DD /* LangThaiModel.cpp in Sources */ = {isa = PBXBuildFile; fileRef = 1B0DDB270A2CB1B30009B697 /* LangThaiModel.cpp */; };
		1B467B0F15CD9B1F001AB1DD /* nsBig5Prober.cpp in Sources */ = {isa = PBXBuildFile; fileRef = 1B0DDB290A2CB1B30009B697 /* nsBig5Prober.cpp */; };
		1B467B1015CD9B1F001AB1DD /* nsCharSetProber.cpp in Sources */ = {isa = PBXBuildFile; fileRef = 1B0DDB2B0A2CB1B30009B697 /* nsCharSetProber.cpp */; };
		1B467B1115CD9B1F001AB1DD /* nsEscCharsetProber.cpp in Sources */ = {isa = PBXBuildFile; fileRef = 1B0DDB2E0A2CB1B30009B697 /* nsEscCharsetProber.cpp */; };
		1B467B1215CD9B1F001AB1DD /* nsEscSM.cpp in Sources */ = {isa = PBXBuildFile; fileRef = 1B0DDB300A2CB1B30009B697 /* nsEscSM.cpp */; };
		1B467B1315CD9B1F001AB1DD /* nsEUCJPProber.cpp in Sources */ = {isa = PBXBuildFile; fileRef = 1B0DDB310A2CB1B30009B697 /* nsEUCJPProber.cpp */; };
		1B467B1415CD9B1F001AB1DD /* nsEUCKRProber.cpp in Sources */ = {isa = PBXBuildFile; fileRef = 1B0DDB330A2CB1B30009B697 /* nsEUCKRProber.cpp */; };
		1B467B1515CD9B1F001AB1DD /* nsEUCTWProber.cpp in Sources */ = {isa = PBXBuildFile; fileRef = 1B0DDB350A2CB1B30009B697 /* nsEUCTWProber.cpp */; };
		1B467B1615CD9B1F001AB1DD /* nsGB2312Prober.cpp in Sources */ = {isa = PBXBuildFile; fileRef = 1B0DDB370A2CB1B30009B697 /* nsGB2312Prober.cpp */; };
		1B467B1715CD9B1F001AB1DD /* nsHebrewProber.cpp in Sources */ = {isa = PBXBuildFile; fileRef = 1B0DDB390A2CB1B30009B697 /* nsHebrewProber.cpp */; };
		1B467B1815CD9B1F001AB1DD /* nsLatin1Prober.cpp in Sources */ = {isa = PBXBuildFile; fileRef = 1B0DDB3B0A2CB1B30009B697 /* nsLatin1Prober.cpp */; };
		1B467B1915CD9B1F001AB1DD /* nsMBCSGroupProber.cpp in Sources */ = {isa = PBXBuildFile; fileRef = 1B0DDB3D0A2CB1B30009B697 /* nsMBCSGroupProber.cpp */; };
		1B467B1A15CD9B1F001AB1DD /* nsMBCSSM.cpp in Sources */ = {isa = PBXBuildFile; fileRef = 1B0DDB3F0A2CB1B30009B697 /* nsMBCSSM.cpp */; };
		1B467B1B15CD9B1F001AB1DD /* nsSBCharSetProber.cpp in Sources */ = {isa = PBXBuildFile; fileRef = 1B0DDB410A2CB1B30009B697 /* nsSBCharSetProber.cpp */; };
		1B467B1C15CD9B1F001AB1DD /* nsSBCSGroupProber.cpp in Sources */ = {isa = PBXBuildFile; fileRef = 1B0DDB430A2CB1B30009B697 /* nsSBCSGroupProber.cpp */; };
		1B467B1D15CD9B1F001AB1DD /* nsSJISProber.cpp in Sources */ = {isa = PBXBuildFile; fileRef = 1B0DDB450A2CB1B30009B697 /* nsSJISProber.cpp */; };
		1B467B1E15CD9B1F001AB1DD /* nsUniversalDetector.cpp in Sources */ = {isa = PBXBuildFile; fileRef = 1B0DDB4B0A2CB1B30009B697 /* nsUniversalDetector.cpp */; };
		1B467B1F15CD9B1F001AB1DD /* nsUTF8Prober.cpp in Sources */ = {isa = PBXBuildFile; fileRef = 1B0DDB4D0A2CB1B30009B697 /* nsUTF8Prober.cpp */; };
		1B467B2115CD9B1F001AB1DD /* kludge.c in Sources */ = {isa = PBXBuildFile; fileRef = 1B0DDC510A2CDA3D0009B697 /* kludge.c */; };
		1B91CBC011D821A70081E40A /* UniversalDetector.mm in Sources */ = {isa = PBXBuildFile; fileRef = 1B0DDC740A2CDD2E0009B697 /* UniversalDetector.mm */; };
		1B91CBC111D821A70081E40A /* CharDistribution.cpp in Sources */ = {isa = PBXBuildFile; fileRef = 1B0DDB1A0A2CB1B30009B697 /* CharDistribution.cpp */; };
		1B91CBC211D821A70081E40A /* JpCntx.cpp in Sources */ = {isa = PBXBuildFile; fileRef = 1B0DDB200A2CB1B30009B697 /* JpCntx.cpp */; };
		1B91CBC311D821A70081E40A /* LangBulgarianModel.cpp in Sources */ = {isa = PBXBuildFile; fileRef = 1B0DDB220A2CB1B30009B697 /* LangBulgarianModel.cpp */; };
		1B91CBC411D821A70081E40A /* LangCyrillicModel.cpp in Sources */ = {isa = PBXBuildFile; fileRef = 1B0DDB230A2CB1B30009B697 /* LangCyrillicModel.cpp */; };
		1B91CBC511D821A70081E40A /* LangGreekModel.cpp in Sources */ = {isa = PBXBuildFile; fileRef = 1B0DDB240A2CB1B30009B697 /* LangGreekModel.cpp */; };
		1B91CBC611D821A70081E40A /* LangHebrewModel.cpp in Sources */ = {isa = PBXBuildFile; fileRef = 1B0DDB250A2CB1B30009B697 /* LangHebrewModel.cpp */; };
		1B91CBC711D821A70081E40A /* LangHungarianModel.cpp in Sources */ = {isa = PBXBuildFile; fileRef = 1B0DDB260A2CB1B30009B697 /* LangHungarianModel.cpp */; };
		1B91CBC811D821A70081E40A /* LangThaiModel.cpp in Sources */ = {isa = PBXBuildFile; fileRef = 1B0DDB270A2CB1B30009B697 /* LangThaiModel.cpp */; };
		1B91CBC911D821A70081E40A /* nsBig5Prober.cpp in Sources */ = {isa = PBXBuildFile; fileRef = 1B0DDB290A2CB1B30009B697 /* nsBig5Prober.cpp */; };
		1B91CBCA11D821A70081E40A /* nsCharSetProber.cpp in Sources */ = {isa = PBXBuildFile; fileRef = 1B0DDB2B0A2CB1B30009B697 /* nsCharSetProber.cpp */; };
		1B91CBCB11D821A70081E40A /* nsEscCharsetProber.cpp in Sources */ = {isa = PBXBuildFile; fileRef = 1B0DDB2E0A2CB1B30009B697 /* nsEscCharsetProber.cpp */; };
		1B91CBCC11D821A70081E40A /* nsEscSM.cpp in Sources */ = {isa = PBXBuildFile; fileRef = 1B0DDB300A2CB1B30009B697 /* nsEscSM.cpp */; };
		1B91CBCD11D821A70081E40A /* nsEUCJPProber.cpp in Sources */ = {isa = PBXBuildFile; fileRef = 1B0DDB310A2CB1B30009B697 /* nsEUCJPProber.cpp */; };
		1B91CBCE11D821A70081E40A /* nsEUCKRProber.cpp in Sources */ = {isa = PBXBuildFile; fileRef = 1B0DDB330A2CB1B30009B697 /* nsEUCKRProber.cpp */; };
		1B91CBCF11D821A70081E40A /* nsEUCTWProber.cpp in Sources */ = {isa = PBXBuildFile; fileRef = 1B0DDB350A2CB1B30009B697 /* nsEUCTWProber.cpp */; };
		1B91CBD011D821A70081E40A /* nsGB2312Prober.cpp in Sources */ = {isa = PBXBuildFile; fileRef = 1B0DDB370A2CB1B30009B697 /* nsGB2312Prober.cpp */; };
		1B91CBD111D821A70081E40A /* nsHebrewProber.cpp in Sources */ = {isa = PBXBuildFile; fileRef = 1B0DDB390A2CB1B30009B697 /* nsHebrewProber.cpp */; };
		1B91CBD211D821A70081E40A /* nsLatin1Prober.cpp in Sources */ = {isa = PBXBuildFile; fileRef = 1B0DDB3B0A2CB1B30009B697 /* nsLatin1Prober.cpp */; };
		1B91CBD311D821A70081E40A /* nsMBCSGroupProber.cpp in Sources */ = {isa = PBXBuildFile; fileRef = 1B0DDB3D0A2CB1B30009B697 /* nsMBCSGroupProber.cpp */; };
		1B91CBD411D821A70081E40A /* nsMBCSSM.cpp in Sources */ = {isa = PBXBuildFile; fileRef = 1B0DDB3F0A2CB1B30009B697 /* nsMBCSSM.cpp */; };
		1B91CBD511D821A70081E40A /* nsSBCharSetProber.cpp in Sources */ = {isa = PBXBuildFile; fileRef = 1B0DDB410A2CB1B30009B697 /* nsSBCharSetProber.cpp */; };
		1B91CBD611D821A70081E40A /* nsSBCSGroupProber.cpp in Sources */ = {isa = PBXBuildFile; fileRef = 1B0DDB430A2CB1B30009B697 /* nsSBCSGroupProber.cpp */; };
		1B91CBD711D821A70081E40A /* nsSJISProber.cpp in Sources */ = {isa = PBXBuildFile; fileRef = 1B0DDB450A2CB1B30009B697 /* nsSJISProber.cpp */; };
		1B91CBD811D821A70081E40A /* nsUniversalDetector.cpp in Sources */ = {isa = PBXBuildFile; fileRef = 1B0DDB4B0A2CB1B30009B697 /* nsUniversalDetector.cpp */; };
		1B91CBD911D821A70081E40A /* nsUTF8Prober.cpp in Sources */ = {isa = PBXBuildFile; fileRef = 1B0DDB4D0A2CB1B30009B697 /* nsUTF8Prober.cpp */; };
		1B91CBDB11D821A70081E40A /* kludge.c in Sources */ = {isa = PBXBuildFile; fileRef = 1B0DDC510A2CDA3D0009B697 /* kludge.c */; };
		3D724E301174182900CD3CBD /* Foundation.framework in Frameworks */ = {isa = PBXBuildFile; fileRef = 3D724E2F1174182900CD3CBD /* Foundation.framework */; };
		3D724E4E11741AEE00CD3CBD /* Foundation.framework in Frameworks */ = {isa = PBXBuildFile; fileRef = 3D724E2F1174182900CD3CBD /* Foundation.framework */; };
		3D81E2B318C5F92C00834BCA /* AppKit.framework in Frameworks */ = {isa = PBXBuildFile; fileRef = 3D81E2B218C5F92C00834BCA /* AppKit.framework */; };
		3D8275CD16B943C100061FD9 /* nsMemory.h in Headers */ = {isa = PBXBuildFile; fileRef = 3D8275CB16B943C100061FD9 /* nsMemory.h */; };
		3D8275D616B946F100061FD9 /* nsDebug.h in Headers */ = {isa = PBXBuildFile; fileRef = 3D8275D516B946F100061FD9 /* nsDebug.h */; };
		5518C6D71BDAFDCC00D50302 /* UniversalDetectorTests.m in Sources */ = {isa = PBXBuildFile; fileRef = 5518C6D61BDAFDCC00D50302 /* UniversalDetectorTests.m */; };
		5518C6D91BDAFDCC00D50302 /* UniversalDetector.framework in Frameworks */ = {isa = PBXBuildFile; fileRef = 8DC2EF5B0486A6940098B216 /* UniversalDetector.framework */; };
		5518C6E01BDAFE5B00D50302 /* UniversalDetectorSwiftTests.swift in Sources */ = {isa = PBXBuildFile; fileRef = 5518C6DF1BDAFE5B00D50302 /* UniversalDetectorSwiftTests.swift */; };
		554B4ABF21181DB8002B3BAE /* UDAdditions.swift in Sources */ = {isa = PBXBuildFile; fileRef = 556E4F741F996B2C00506BF3 /* UDAdditions.swift */; };
		55F590921EB53623000B4973 /* UniversalDetector.mm in Sources */ = {isa = PBXBuildFile; fileRef = 1B0DDC740A2CDD2E0009B697 /* UniversalDetector.mm */; };
		55F590931EB5364B000B4973 /* CharDistribution.cpp in Sources */ = {isa = PBXBuildFile; fileRef = 1B0DDB1A0A2CB1B30009B697 /* CharDistribution.cpp */; };
		55F590941EB5364B000B4973 /* JpCntx.cpp in Sources */ = {isa = PBXBuildFile; fileRef = 1B0DDB200A2CB1B30009B697 /* JpCntx.cpp */; };
		55F590951EB5364B000B4973 /* LangBulgarianModel.cpp in Sources */ = {isa = PBXBuildFile; fileRef = 1B0DDB220A2CB1B30009B697 /* LangBulgarianModel.cpp */; };
		55F590961EB5364B000B4973 /* LangCyrillicModel.cpp in Sources */ = {isa = PBXBuildFile; fileRef = 1B0DDB230A2CB1B30009B697 /* LangCyrillicModel.cpp */; };
		55F590971EB5364B000B4973 /* LangGreekModel.cpp in Sources */ = {isa = PBXBuildFile; fileRef = 1B0DDB240A2CB1B30009B697 /* LangGreekModel.cpp */; };
		55F590981EB5364B000B4973 /* LangHebrewModel.cpp in Sources */ = {isa = PBXBuildFile; fileRef = 1B0DDB250A2CB1B30009B697 /* LangHebrewModel.cpp */; };
		55F590991EB5364B000B4973 /* LangHungarianModel.cpp in Sources */ = {isa = PBXBuildFile; fileRef = 1B0DDB260A2CB1B30009B697 /* LangHungarianModel.cpp */; };
		55F5909A1EB5364B000B4973 /* LangThaiModel.cpp in Sources */ = {isa = PBXBuildFile; fileRef = 1B0DDB270A2CB1B30009B697 /* LangThaiModel.cpp */; };
		55F5909B1EB5364B000B4973 /* nsBig5Prober.cpp in Sources */ = {isa = PBXBuildFile; fileRef = 1B0DDB290A2CB1B30009B697 /* nsBig5Prober.cpp */; };
		55F5909C1EB5364B000B4973 /* nsCharSetProber.cpp in Sources */ = {isa = PBXBuildFile; fileRef = 1B0DDB2B0A2CB1B30009B697 /* nsCharSetProber.cpp */; };
		55F5909D1EB5364B000B4973 /* nsEscCharsetProber.cpp in Sources */ = {isa = PBXBuildFile; fileRef = 1B0DDB2E0A2CB1B30009B697 /* nsEscCharsetProber.cpp */; };
		55F5909E1EB5364B000B4973 /* nsEscSM.cpp in Sources */ = {isa = PBXBuildFile; fileRef = 1B0DDB300A2CB1B30009B697 /* nsEscSM.cpp */; };
		55F5909F1EB5364B000B4973 /* nsEUCJPProber.cpp in Sources */ = {isa = PBXBuildFile; fileRef = 1B0DDB310A2CB1B30009B697 /* nsEUCJPProber.cpp */; };
		55F590A01EB5364B000B4973 /* nsEUCKRProber.cpp in Sources */ = {isa = PBXBuildFile; fileRef = 1B0DDB330A2CB1B30009B697 /* nsEUCKRProber.cpp */; };
		55F590A11EB5364B000B4973 /* nsEUCTWProber.cpp in Sources */ = {isa = PBXBuildFile; fileRef = 1B0DDB350A2CB1B30009B697 /* nsEUCTWProber.cpp */; };
		55F590A21EB5364B000B4973 /* nsGB2312Prober.cpp in Sources */ = {isa = PBXBuildFile; fileRef = 1B0DDB370A2CB1B30009B697 /* nsGB2312Prober.cpp */; };
		55F590A31EB5364B000B4973 /* nsHebrewProber.cpp in Sources */ = {isa = PBXBuildFile; fileRef = 1B0DDB390A2CB1B30009B697 /* nsHebrewProber.cpp */; };
		55F590A41EB5364B000B4973 /* nsLatin1Prober.cpp in Sources */ = {isa = PBXBuildFile; fileRef = 1B0DDB3B0A2CB1B30009B697 /* nsLatin1Prober.cpp */; };
		55F590A51EB5364B000B4973 /* nsMBCSGroupProber.cpp in Sources */ = {isa = PBXBuildFile; fileRef = 1B0DDB3D0A2CB1B30009B697 /* nsMBCSGroupProber.cpp */; };
		55F590A61EB5364B000B4973 /* nsMBCSSM.cpp in Sources */ = {isa = PBXBuildFile; fileRef = 1B0DDB3F0A2CB1B30009B697 /* nsMBCSSM.cpp */; };
		55F590A71EB5364B000B4973 /* nsSBCharSetProber.cpp in Sources */ = {isa = PBXBuildFile; fileRef = 1B0DDB410A2CB1B30009B697 /* nsSBCharSetProber.cpp */; };
		55F590A81EB5364B000B4973 /* nsSBCSGroupProber.cpp in Sources */ = {isa = PBXBuildFile; fileRef = 1B0DDB430A2CB1B30009B697 /* nsSBCSGroupProber.cpp */; };
		55F590A91EB5364B000B4973 /* nsSJISProber.cpp in Sources */ = {isa = PBXBuildFile; fileRef = 1B0DDB450A2CB1B30009B697 /* nsSJISProber.cpp */; };
		55F590AA1EB5364B000B4973 /* nsUniversalDetector.cpp in Sources */ = {isa = PBXBuildFile; fileRef = 1B0DDB4B0A2CB1B30009B697 /* nsUniversalDetector.cpp */; };
		55F590AB1EB5364B000B4973 /* nsUTF8Prober.cpp in Sources */ = {isa = PBXBuildFile; fileRef = 1B0DDB4D0A2CB1B30009B697 /* nsUTF8Prober.cpp */; };
		55F590AC1EB5372D000B4973 /* nsDebug.h in Headers */ = {isa = PBXBuildFile; fileRef = 3D8275D516B946F100061FD9 /* nsDebug.h */; };
		55F590AD1EB5372D000B4973 /* nsMemory.h in Headers */ = {isa = PBXBuildFile; fileRef = 3D8275CB16B943C100061FD9 /* nsMemory.h */; };
		55F590AE1EB5378D000B4973 /* kludge.c in Sources */ = {isa = PBXBuildFile; fileRef = 1B0DDC510A2CDA3D0009B697 /* kludge.c */; };
/* End PBXBuildFile section */

/* Begin PBXBuildRule section */
		1B91CBF611D821EB0081E40A /* PBXBuildRule */ = {
			isa = PBXBuildRule;
			compilerSpec = org.cocotron.1.0.windows.i386.gcc.default;
			fileType = sourcecode.c;
			inputFiles = (
			);
			isEditable = 1;
			outputFiles = (
			);
		};
/* End PBXBuildRule section */

/* Begin PBXContainerItemProxy section */
		1B0DDCBA0A2D0C490009B697 /* PBXContainerItemProxy */ = {
			isa = PBXContainerItemProxy;
			containerPortal = 0867D690FE84028FC02AAC07 /* Project object */;
			proxyType = 1;
			remoteGlobalIDString = 8DC2EF4F0486A6940098B216;
			remoteInfo = UniversalDetector;
		};
		5518C6DA1BDAFDCC00D50302 /* PBXContainerItemProxy */ = {
			isa = PBXContainerItemProxy;
			containerPortal = 0867D690FE84028FC02AAC07 /* Project object */;
			proxyType = 1;
			remoteGlobalIDString = 8DC2EF4F0486A6940098B216;
			remoteInfo = UniversalDetector;
		};
/* End PBXContainerItemProxy section */

/* Begin PBXFileReference section */
		1B0DDB140A2CB1B20009B697 /* ChardetInterface.htm */ = {isa = PBXFileReference; fileEncoding = 30; lastKnownFileType = text.html; path = ChardetInterface.htm; sourceTree = "<group>"; };
		1B0DDB150A2CB1B20009B697 /* UniversalCharsetDetection.doc */ = {isa = PBXFileReference; lastKnownFileType = file; path = UniversalCharsetDetection.doc; sourceTree = "<group>"; };
		1B0DDB190A2CB1B30009B697 /* Big5Freq.tab */ = {isa = PBXFileReference; explicitFileType = sourcecode.c.h; fileEncoding = 30; path = Big5Freq.tab; sourceTree = "<group>"; };
		1B0DDB1A0A2CB1B30009B697 /* CharDistribution.cpp */ = {isa = PBXFileReference; fileEncoding = 30; lastKnownFileType = sourcecode.cpp.cpp; path = CharDistribution.cpp; sourceTree = "<group>"; };
		1B0DDB1B0A2CB1B30009B697 /* CharDistribution.h */ = {isa = PBXFileReference; fileEncoding = 30; lastKnownFileType = sourcecode.c.h; path = CharDistribution.h; sourceTree = "<group>"; };
		1B0DDB1C0A2CB1B30009B697 /* EUCKRFreq.tab */ = {isa = PBXFileReference; explicitFileType = sourcecode.c.h; fileEncoding = 30; path = EUCKRFreq.tab; sourceTree = "<group>"; };
		1B0DDB1D0A2CB1B30009B697 /* EUCTWFreq.tab */ = {isa = PBXFileReference; explicitFileType = sourcecode.c.h; fileEncoding = 30; path = EUCTWFreq.tab; sourceTree = "<group>"; };
		1B0DDB1E0A2CB1B30009B697 /* GB2312Freq.tab */ = {isa = PBXFileReference; explicitFileType = sourcecode.c.h; fileEncoding = 30; path = GB2312Freq.tab; sourceTree = "<group>"; };
		1B0DDB1F0A2CB1B30009B697 /* JISFreq.tab */ = {isa = PBXFileReference; explicitFileType = sourcecode.c.h; fileEncoding = 30; path = JISFreq.tab; sourceTree = "<group>"; };
		1B0DDB200A2CB1B30009B697 /* JpCntx.cpp */ = {isa = PBXFileReference; fileEncoding = 30; lastKnownFileType = sourcecode.cpp.cpp; path = JpCntx.cpp; sourceTree = "<group>"; };
		1B0DDB210A2CB1B30009B697 /* JpCntx.h */ = {isa = PBXFileReference; fileEncoding = 30; lastKnownFileType = sourcecode.c.h; path = JpCntx.h; sourceTree = "<group>"; };
		1B0DDB220A2CB1B30009B697 /* LangBulgarianModel.cpp */ = {isa = PBXFileReference; fileEncoding = 30; lastKnownFileType = sourcecode.cpp.cpp; path = LangBulgarianModel.cpp; sourceTree = "<group>"; };
		1B0DDB230A2CB1B30009B697 /* LangCyrillicModel.cpp */ = {isa = PBXFileReference; fileEncoding = 30; lastKnownFileType = sourcecode.cpp.cpp; path = LangCyrillicModel.cpp; sourceTree = "<group>"; };
		1B0DDB240A2CB1B30009B697 /* LangGreekModel.cpp */ = {isa = PBXFileReference; fileEncoding = 30; lastKnownFileType = sourcecode.cpp.cpp; path = LangGreekModel.cpp; sourceTree = "<group>"; };
		1B0DDB250A2CB1B30009B697 /* LangHebrewModel.cpp */ = {isa = PBXFileReference; fileEncoding = 30; lastKnownFileType = sourcecode.cpp.cpp; path = LangHebrewModel.cpp; sourceTree = "<group>"; };
		1B0DDB260A2CB1B30009B697 /* LangHungarianModel.cpp */ = {isa = PBXFileReference; fileEncoding = 30; lastKnownFileType = sourcecode.cpp.cpp; path = LangHungarianModel.cpp; sourceTree = "<group>"; };
		1B0DDB270A2CB1B30009B697 /* LangThaiModel.cpp */ = {isa = PBXFileReference; fileEncoding = 30; lastKnownFileType = sourcecode.cpp.cpp; path = LangThaiModel.cpp; sourceTree = "<group>"; };
		1B0DDB290A2CB1B30009B697 /* nsBig5Prober.cpp */ = {isa = PBXFileReference; fileEncoding = 30; lastKnownFileType = sourcecode.cpp.cpp; path = nsBig5Prober.cpp; sourceTree = "<group>"; };
		1B0DDB2A0A2CB1B30009B697 /* nsBig5Prober.h */ = {isa = PBXFileReference; fileEncoding = 30; lastKnownFileType = sourcecode.c.h; path = nsBig5Prober.h; sourceTree = "<group>"; };
		1B0DDB2B0A2CB1B30009B697 /* nsCharSetProber.cpp */ = {isa = PBXFileReference; fileEncoding = 30; lastKnownFileType = sourcecode.cpp.cpp; path = nsCharSetProber.cpp; sourceTree = "<group>"; };
		1B0DDB2C0A2CB1B30009B697 /* nsCharSetProber.h */ = {isa = PBXFileReference; fileEncoding = 30; lastKnownFileType = sourcecode.c.h; path = nsCharSetProber.h; sourceTree = "<group>"; };
		1B0DDB2D0A2CB1B30009B697 /* nsCodingStateMachine.h */ = {isa = PBXFileReference; fileEncoding = 30; lastKnownFileType = sourcecode.c.h; path = nsCodingStateMachine.h; sourceTree = "<group>"; };
		1B0DDB2E0A2CB1B30009B697 /* nsEscCharsetProber.cpp */ = {isa = PBXFileReference; fileEncoding = 30; lastKnownFileType = sourcecode.cpp.cpp; path = nsEscCharsetProber.cpp; sourceTree = "<group>"; };
		1B0DDB2F0A2CB1B30009B697 /* nsEscCharsetProber.h */ = {isa = PBXFileReference; fileEncoding = 30; lastKnownFileType = sourcecode.c.h; path = nsEscCharsetProber.h; sourceTree = "<group>"; };
		1B0DDB300A2CB1B30009B697 /* nsEscSM.cpp */ = {isa = PBXFileReference; fileEncoding = 30; lastKnownFileType = sourcecode.cpp.cpp; path = nsEscSM.cpp; sourceTree = "<group>"; };
		1B0DDB310A2CB1B30009B697 /* nsEUCJPProber.cpp */ = {isa = PBXFileReference; fileEncoding = 30; lastKnownFileType = sourcecode.cpp.cpp; path = nsEUCJPProber.cpp; sourceTree = "<group>"; };
		1B0DDB320A2CB1B30009B697 /* nsEUCJPProber.h */ = {isa = PBXFileReference; fileEncoding = 30; lastKnownFileType = sourcecode.c.h; path = nsEUCJPProber.h; sourceTree = "<group>"; };
		1B0DDB330A2CB1B30009B697 /* nsEUCKRProber.cpp */ = {isa = PBXFileReference; fileEncoding = 30; lastKnownFileType = sourcecode.cpp.cpp; path = nsEUCKRProber.cpp; sourceTree = "<group>"; };
		1B0DDB340A2CB1B30009B697 /* nsEUCKRProber.h */ = {isa = PBXFileReference; fileEncoding = 30; lastKnownFileType = sourcecode.c.h; path = nsEUCKRProber.h; sourceTree = "<group>"; };
		1B0DDB350A2CB1B30009B697 /* nsEUCTWProber.cpp */ = {isa = PBXFileReference; fileEncoding = 30; lastKnownFileType = sourcecode.cpp.cpp; path = nsEUCTWProber.cpp; sourceTree = "<group>"; };
		1B0DDB360A2CB1B30009B697 /* nsEUCTWProber.h */ = {isa = PBXFileReference; fileEncoding = 30; lastKnownFileType = sourcecode.c.h; path = nsEUCTWProber.h; sourceTree = "<group>"; };
		1B0DDB370A2CB1B30009B697 /* nsGB2312Prober.cpp */ = {isa = PBXFileReference; fileEncoding = 30; lastKnownFileType = sourcecode.cpp.cpp; path = nsGB2312Prober.cpp; sourceTree = "<group>"; };
		1B0DDB380A2CB1B30009B697 /* nsGB2312Prober.h */ = {isa = PBXFileReference; fileEncoding = 30; lastKnownFileType = sourcecode.c.h; path = nsGB2312Prober.h; sourceTree = "<group>"; };
		1B0DDB390A2CB1B30009B697 /* nsHebrewProber.cpp */ = {isa = PBXFileReference; fileEncoding = 30; lastKnownFileType = sourcecode.cpp.cpp; path = nsHebrewProber.cpp; sourceTree = "<group>"; };
		1B0DDB3A0A2CB1B30009B697 /* nsHebrewProber.h */ = {isa = PBXFileReference; fileEncoding = 30; lastKnownFileType = sourcecode.c.h; path = nsHebrewProber.h; sourceTree = "<group>"; };
		1B0DDB3B0A2CB1B30009B697 /* nsLatin1Prober.cpp */ = {isa = PBXFileReference; fileEncoding = 30; lastKnownFileType = sourcecode.cpp.cpp; path = nsLatin1Prober.cpp; sourceTree = "<group>"; };
		1B0DDB3C0A2CB1B30009B697 /* nsLatin1Prober.h */ = {isa = PBXFileReference; fileEncoding = 30; lastKnownFileType = sourcecode.c.h; path = nsLatin1Prober.h; sourceTree = "<group>"; };
		1B0DDB3D0A2CB1B30009B697 /* nsMBCSGroupProber.cpp */ = {isa = PBXFileReference; fileEncoding = 30; lastKnownFileType = sourcecode.cpp.cpp; path = nsMBCSGroupProber.cpp; sourceTree = "<group>"; };
		1B0DDB3E0A2CB1B30009B697 /* nsMBCSGroupProber.h */ = {isa = PBXFileReference; fileEncoding = 30; lastKnownFileType = sourcecode.c.h; path = nsMBCSGroupProber.h; sourceTree = "<group>"; };
		1B0DDB3F0A2CB1B30009B697 /* nsMBCSSM.cpp */ = {isa = PBXFileReference; fileEncoding = 30; lastKnownFileType = sourcecode.cpp.cpp; path = nsMBCSSM.cpp; sourceTree = "<group>"; };
		1B0DDB400A2CB1B30009B697 /* nsPkgInt.h */ = {isa = PBXFileReference; fileEncoding = 30; lastKnownFileType = sourcecode.c.h; path = nsPkgInt.h; sourceTree = "<group>"; };
		1B0DDB410A2CB1B30009B697 /* nsSBCharSetProber.cpp */ = {isa = PBXFileReference; fileEncoding = 30; lastKnownFileType = sourcecode.cpp.cpp; path = nsSBCharSetProber.cpp; sourceTree = "<group>"; };
		1B0DDB420A2CB1B30009B697 /* nsSBCharSetProber.h */ = {isa = PBXFileReference; fileEncoding = 30; lastKnownFileType = sourcecode.c.h; path = nsSBCharSetProber.h; sourceTree = "<group>"; };
		1B0DDB430A2CB1B30009B697 /* nsSBCSGroupProber.cpp */ = {isa = PBXFileReference; fileEncoding = 30; lastKnownFileType = sourcecode.cpp.cpp; path = nsSBCSGroupProber.cpp; sourceTree = "<group>"; };
		1B0DDB440A2CB1B30009B697 /* nsSBCSGroupProber.h */ = {isa = PBXFileReference; fileEncoding = 30; lastKnownFileType = sourcecode.c.h; path = nsSBCSGroupProber.h; sourceTree = "<group>"; };
		1B0DDB450A2CB1B30009B697 /* nsSJISProber.cpp */ = {isa = PBXFileReference; fileEncoding = 30; lastKnownFileType = sourcecode.cpp.cpp; path = nsSJISProber.cpp; sourceTree = "<group>"; };
		1B0DDB460A2CB1B30009B697 /* nsSJISProber.h */ = {isa = PBXFileReference; fileEncoding = 30; lastKnownFileType = sourcecode.c.h; path = nsSJISProber.h; sourceTree = "<group>"; };
		1B0DDB4B0A2CB1B30009B697 /* nsUniversalDetector.cpp */ = {isa = PBXFileReference; fileEncoding = 30; lastKnownFileType = sourcecode.cpp.cpp; path = nsUniversalDetector.cpp; sourceTree = "<group>"; };
		1B0DDB4C0A2CB1B30009B697 /* nsUniversalDetector.h */ = {isa = PBXFileReference; fileEncoding = 30; lastKnownFileType = sourcecode.c.h; path = nsUniversalDetector.h; sourceTree = "<group>"; };
		1B0DDB4D0A2CB1B30009B697 /* nsUTF8Prober.cpp */ = {isa = PBXFileReference; fileEncoding = 30; lastKnownFileType = sourcecode.cpp.cpp; path = nsUTF8Prober.cpp; sourceTree = "<group>"; };
		1B0DDB4E0A2CB1B30009B697 /* nsUTF8Prober.h */ = {isa = PBXFileReference; fileEncoding = 30; lastKnownFileType = sourcecode.c.h; path = nsUTF8Prober.h; sourceTree = "<group>"; };
		1B0DDC1D0A2CC9050009B697 /* nscore.h */ = {isa = PBXFileReference; fileEncoding = 4; lastKnownFileType = sourcecode.c.h; path = nscore.h; sourceTree = "<group>"; };
		1B0DDC210A2CC9720009B697 /* prtypes.h */ = {isa = PBXFileReference; fileEncoding = 30; lastKnownFileType = sourcecode.c.h; path = prtypes.h; sourceTree = "<group>"; };
		1B0DDC240A2CC9BA0009B697 /* prcpucfg.h */ = {isa = PBXFileReference; fileEncoding = 30; lastKnownFileType = sourcecode.c.h; path = prcpucfg.h; sourceTree = "<group>"; };
		1B0DDC260A2CCA1A0009B697 /* protypes.h */ = {isa = PBXFileReference; fileEncoding = 30; lastKnownFileType = sourcecode.c.h; path = protypes.h; sourceTree = "<group>"; };
		1B0DDC280A2CCA5D0009B697 /* prmem.h */ = {isa = PBXFileReference; fileEncoding = 30; lastKnownFileType = sourcecode.c.h; path = prmem.h; sourceTree = "<group>"; };
		1B0DDC3E0A2CD8BD0009B697 /* nsError.h */ = {isa = PBXFileReference; fileEncoding = 30; lastKnownFileType = sourcecode.c.h; path = nsError.h; sourceTree = "<group>"; };
		1B0DDC510A2CDA3D0009B697 /* kludge.c */ = {isa = PBXFileReference; fileEncoding = 4; lastKnownFileType = sourcecode.c.c; path = kludge.c; sourceTree = "<group>"; };
		1B0DDC730A2CDD2D0009B697 /* UniversalDetector.h */ = {isa = PBXFileReference; fileEncoding = 4; lastKnownFileType = sourcecode.c.h; path = UniversalDetector.h; sourceTree = "<group>"; };
		1B0DDC740A2CDD2E0009B697 /* UniversalDetector.mm */ = {isa = PBXFileReference; fileEncoding = 4; lastKnownFileType = sourcecode.cpp.objcpp; path = UniversalDetector.mm; sourceTree = "<group>"; };
		1B0DDCAB0A2D0AD10009B697 /* DetectorTest */ = {isa = PBXFileReference; explicitFileType = "compiled.mach-o.executable"; includeInIndex = 0; path = DetectorTest; sourceTree = BUILT_PRODUCTS_DIR; };
		1B0DDCB10A2D0B240009B697 /* DetectorTest.m */ = {isa = PBXFileReference; fileEncoding = 4; lastKnownFileType = sourcecode.c.objc; path = DetectorTest.m; sourceTree = "<group>"; };
		32DBCF5E0370ADEE00C91783 /* UniversalDetector_Prefix.pch */ = {isa = PBXFileReference; fileEncoding = 4; lastKnownFileType = sourcecode.c.h; path = UniversalDetector_Prefix.pch; sourceTree = "<group>"; };
		3D724E2F1174182900CD3CBD /* Foundation.framework */ = {isa = PBXFileReference; lastKnownFileType = wrapper.framework; name = Foundation.framework; path = System/Library/Frameworks/Foundation.framework; sourceTree = SDKROOT; };
		3D81E2B218C5F92C00834BCA /* AppKit.framework */ = {isa = PBXFileReference; lastKnownFileType = wrapper.framework; name = AppKit.framework; path = System/Library/Frameworks/AppKit.framework; sourceTree = SDKROOT; };
		3D8275CB16B943C100061FD9 /* nsMemory.h */ = {isa = PBXFileReference; fileEncoding = 4; lastKnownFileType = sourcecode.c.h; path = nsMemory.h; sourceTree = "<group>"; };
		3D8275D516B946F100061FD9 /* nsDebug.h */ = {isa = PBXFileReference; fileEncoding = 4; lastKnownFileType = sourcecode.c.h; path = nsDebug.h; sourceTree = "<group>"; };
		5518C6D41BDAFDCC00D50302 /* UniversalDetectorTests.xctest */ = {isa = PBXFileReference; explicitFileType = wrapper.cfbundle; includeInIndex = 0; path = UniversalDetectorTests.xctest; sourceTree = BUILT_PRODUCTS_DIR; };
		5518C6D61BDAFDCC00D50302 /* UniversalDetectorTests.m */ = {isa = PBXFileReference; lastKnownFileType = sourcecode.c.objc; path = UniversalDetectorTests.m; sourceTree = "<group>"; };
		5518C6D81BDAFDCC00D50302 /* Info.plist */ = {isa = PBXFileReference; lastKnownFileType = text.plist.xml; path = Info.plist; sourceTree = "<group>"; };
		5518C6DF1BDAFE5B00D50302 /* UniversalDetectorSwiftTests.swift */ = {isa = PBXFileReference; fileEncoding = 4; lastKnownFileType = sourcecode.swift; path = UniversalDetectorSwiftTests.swift; sourceTree = "<group>"; };
		556E4F741F996B2C00506BF3 /* UDAdditions.swift */ = {isa = PBXFileReference; lastKnownFileType = sourcecode.swift; path = UDAdditions.swift; sourceTree = "<group>"; };
		55A6C3501CEF7FA80049D381 /* UniversalDetector.exp */ = {isa = PBXFileReference; lastKnownFileType = sourcecode.exports; path = UniversalDetector.exp; sourceTree = "<group>"; };
		55F5908E1EB53613000B4973 /* libUniversalDetector.a */ = {isa = PBXFileReference; explicitFileType = archive.ar; includeInIndex = 0; path = libUniversalDetector.a; sourceTree = BUILT_PRODUCTS_DIR; };
		8DC2EF5A0486A6940098B216 /* Info.plist */ = {isa = PBXFileReference; fileEncoding = 4; lastKnownFileType = text.plist; path = Info.plist; sourceTree = "<group>"; };
		8DC2EF5B0486A6940098B216 /* UniversalDetector.framework */ = {isa = PBXFileReference; explicitFileType = wrapper.framework; includeInIndex = 0; path = UniversalDetector.framework; sourceTree = BUILT_PRODUCTS_DIR; };
/* End PBXFileReference section */

/* Begin PBXFrameworksBuildPhase section */
		1B0DDCA90A2D0AD10009B697 /* Frameworks */ = {
			isa = PBXFrameworksBuildPhase;
			buildActionMask = 2147483647;
			files = (
				3D81E2B318C5F92C00834BCA /* AppKit.framework in Frameworks */,
				3D724E4E11741AEE00CD3CBD /* Foundation.framework in Frameworks */,
				1B0DDCB30A2D0B2E0009B697 /* UniversalDetector.framework in Frameworks */,
			);
			runOnlyForDeploymentPostprocessing = 0;
		};
		1B467B2215CD9B1F001AB1DD /* Frameworks */ = {
			isa = PBXFrameworksBuildPhase;
			buildActionMask = 2147483647;
			files = (
			);
			runOnlyForDeploymentPostprocessing = 0;
		};
		5518C6D11BDAFDCC00D50302 /* Frameworks */ = {
			isa = PBXFrameworksBuildPhase;
			buildActionMask = 2147483647;
			files = (
				5518C6D91BDAFDCC00D50302 /* UniversalDetector.framework in Frameworks */,
			);
			runOnlyForDeploymentPostprocessing = 0;
		};
		55F5908B1EB53613000B4973 /* Frameworks */ = {
			isa = PBXFrameworksBuildPhase;
			buildActionMask = 2147483647;
			files = (
			);
			runOnlyForDeploymentPostprocessing = 0;
		};
		8DC2EF560486A6940098B216 /* Frameworks */ = {
			isa = PBXFrameworksBuildPhase;
			buildActionMask = 2147483647;
			files = (
				3D724E301174182900CD3CBD /* Foundation.framework in Frameworks */,
			);
			runOnlyForDeploymentPostprocessing = 0;
		};
/* End PBXFrameworksBuildPhase section */

/* Begin PBXGroup section */
		034768DFFF38A50411DB9C8B /* Products */ = {
			isa = PBXGroup;
			children = (
				8DC2EF5B0486A6940098B216 /* UniversalDetector.framework */,
				1B0DDCAB0A2D0AD10009B697 /* DetectorTest */,
				5518C6D41BDAFDCC00D50302 /* UniversalDetectorTests.xctest */,
				55F5908E1EB53613000B4973 /* libUniversalDetector.a */,
			);
			name = Products;
			sourceTree = "<group>";
		};
		0867D691FE84028FC02AAC07 /* UniversalCharDet */ = {
			isa = PBXGroup;
			children = (
				08FB77AEFE84172EC02AAC07 /* Classes */,
				3D8275C716B943C100061FD9 /* mozilla-release */,
				1B0DDB110A2CB1B20009B697 /* universalchardet */,
				1B0DDC1C0A2CC8F60009B697 /* kludge */,
				1B0DDCAD0A2D0AFD0009B697 /* DetectorTest */,
				32C88DFF0371C24200C91783 /* Other Sources */,
				089C1665FE841158C02AAC07 /* Resources */,
				5518C6D51BDAFDCC00D50302 /* UniversalDetectorTests */,
				0867D69AFE84028FC02AAC07 /* Frameworks */,
				034768DFFF38A50411DB9C8B /* Products */,
			);
			name = UniversalCharDet;
			sourceTree = "<group>";
		};
		0867D69AFE84028FC02AAC07 /* Frameworks */ = {
			isa = PBXGroup;
			children = (
				1058C7B0FEA5585E11CA2CBB /* Linked Frameworks */,
				1058C7B2FEA5585E11CA2CBB /* Other Frameworks */,
			);
			name = Frameworks;
			sourceTree = "<group>";
		};
		089C1665FE841158C02AAC07 /* Resources */ = {
			isa = PBXGroup;
			children = (
				8DC2EF5A0486A6940098B216 /* Info.plist */,
				55A6C3501CEF7FA80049D381 /* UniversalDetector.exp */,
			);
			name = Resources;
			sourceTree = "<group>";
		};
		08FB77AEFE84172EC02AAC07 /* Classes */ = {
			isa = PBXGroup;
			children = (
				556E4F741F996B2C00506BF3 /* UDAdditions.swift */,
				1B0DDC730A2CDD2D0009B697 /* UniversalDetector.h */,
				1B0DDC740A2CDD2E0009B697 /* UniversalDetector.mm */,
			);
			name = Classes;
			sourceTree = "<group>";
		};
		1058C7B0FEA5585E11CA2CBB /* Linked Frameworks */ = {
			isa = PBXGroup;
			children = (
			);
			name = "Linked Frameworks";
			sourceTree = "<group>";
		};
		1058C7B2FEA5585E11CA2CBB /* Other Frameworks */ = {
			isa = PBXGroup;
			children = (
				3D81E2B218C5F92C00834BCA /* AppKit.framework */,
				3D724E2F1174182900CD3CBD /* Foundation.framework */,
			);
			name = "Other Frameworks";
			sourceTree = "<group>";
		};
		1B0DDB110A2CB1B20009B697 /* universalchardet */ = {
			isa = PBXGroup;
			children = (
				1B0DDB130A2CB1B20009B697 /* doc */,
				1B0DDB170A2CB1B20009B697 /* src */,
			);
			indentWidth = 2;
			path = universalchardet;
			sourceTree = "<group>";
			tabWidth = 2;
			usesTabs = 0;
		};
		1B0DDB130A2CB1B20009B697 /* doc */ = {
			isa = PBXGroup;
			children = (
				1B0DDB140A2CB1B20009B697 /* ChardetInterface.htm */,
				1B0DDB150A2CB1B20009B697 /* UniversalCharsetDetection.doc */,
			);
			path = doc;
			sourceTree = "<group>";
		};
		1B0DDB170A2CB1B20009B697 /* src */ = {
			isa = PBXGroup;
			children = (
				3D72B809117526FE00854025 /* base */,
			);
			name = src;
			path = src/base;
			sourceTree = "<group>";
		};
		1B0DDC1C0A2CC8F60009B697 /* kludge */ = {
			isa = PBXGroup;
			children = (
				1B0DDC1D0A2CC9050009B697 /* nscore.h */,
				1B0DDC210A2CC9720009B697 /* prtypes.h */,
				1B0DDC240A2CC9BA0009B697 /* prcpucfg.h */,
				1B0DDC260A2CCA1A0009B697 /* protypes.h */,
				1B0DDC280A2CCA5D0009B697 /* prmem.h */,
				1B0DDC3E0A2CD8BD0009B697 /* nsError.h */,
				1B0DDC510A2CDA3D0009B697 /* kludge.c */,
			);
			path = kludge;
			sourceTree = "<group>";
		};
		1B0DDCAD0A2D0AFD0009B697 /* DetectorTest */ = {
			isa = PBXGroup;
			children = (
				1B0DDCB10A2D0B240009B697 /* DetectorTest.m */,
			);
			name = DetectorTest;
			sourceTree = "<group>";
		};
		32C88DFF0371C24200C91783 /* Other Sources */ = {
			isa = PBXGroup;
			children = (
				32DBCF5E0370ADEE00C91783 /* UniversalDetector_Prefix.pch */,
			);
			name = "Other Sources";
			sourceTree = "<group>";
		};
		3D72B809117526FE00854025 /* base */ = {
			isa = PBXGroup;
			children = (
				1B0DDB190A2CB1B30009B697 /* Big5Freq.tab */,
				1B0DDB1A0A2CB1B30009B697 /* CharDistribution.cpp */,
				1B0DDB1B0A2CB1B30009B697 /* CharDistribution.h */,
				1B0DDB1C0A2CB1B30009B697 /* EUCKRFreq.tab */,
				1B0DDB1D0A2CB1B30009B697 /* EUCTWFreq.tab */,
				1B0DDB1E0A2CB1B30009B697 /* GB2312Freq.tab */,
				1B0DDB1F0A2CB1B30009B697 /* JISFreq.tab */,
				1B0DDB200A2CB1B30009B697 /* JpCntx.cpp */,
				1B0DDB210A2CB1B30009B697 /* JpCntx.h */,
				1B0DDB220A2CB1B30009B697 /* LangBulgarianModel.cpp */,
				1B0DDB230A2CB1B30009B697 /* LangCyrillicModel.cpp */,
				1B0DDB240A2CB1B30009B697 /* LangGreekModel.cpp */,
				1B0DDB250A2CB1B30009B697 /* LangHebrewModel.cpp */,
				1B0DDB260A2CB1B30009B697 /* LangHungarianModel.cpp */,
				1B0DDB270A2CB1B30009B697 /* LangThaiModel.cpp */,
				1B0DDB290A2CB1B30009B697 /* nsBig5Prober.cpp */,
				1B0DDB2A0A2CB1B30009B697 /* nsBig5Prober.h */,
				1B0DDB2B0A2CB1B30009B697 /* nsCharSetProber.cpp */,
				1B0DDB2C0A2CB1B30009B697 /* nsCharSetProber.h */,
				1B0DDB2D0A2CB1B30009B697 /* nsCodingStateMachine.h */,
				1B0DDB2E0A2CB1B30009B697 /* nsEscCharsetProber.cpp */,
				1B0DDB2F0A2CB1B30009B697 /* nsEscCharsetProber.h */,
				1B0DDB300A2CB1B30009B697 /* nsEscSM.cpp */,
				1B0DDB310A2CB1B30009B697 /* nsEUCJPProber.cpp */,
				1B0DDB320A2CB1B30009B697 /* nsEUCJPProber.h */,
				1B0DDB330A2CB1B30009B697 /* nsEUCKRProber.cpp */,
				1B0DDB340A2CB1B30009B697 /* nsEUCKRProber.h */,
				1B0DDB350A2CB1B30009B697 /* nsEUCTWProber.cpp */,
				1B0DDB360A2CB1B30009B697 /* nsEUCTWProber.h */,
				1B0DDB370A2CB1B30009B697 /* nsGB2312Prober.cpp */,
				1B0DDB380A2CB1B30009B697 /* nsGB2312Prober.h */,
				1B0DDB390A2CB1B30009B697 /* nsHebrewProber.cpp */,
				1B0DDB3A0A2CB1B30009B697 /* nsHebrewProber.h */,
				1B0DDB3B0A2CB1B30009B697 /* nsLatin1Prober.cpp */,
				1B0DDB3C0A2CB1B30009B697 /* nsLatin1Prober.h */,
				1B0DDB3D0A2CB1B30009B697 /* nsMBCSGroupProber.cpp */,
				1B0DDB3E0A2CB1B30009B697 /* nsMBCSGroupProber.h */,
				1B0DDB3F0A2CB1B30009B697 /* nsMBCSSM.cpp */,
				1B0DDB400A2CB1B30009B697 /* nsPkgInt.h */,
				1B0DDB410A2CB1B30009B697 /* nsSBCharSetProber.cpp */,
				1B0DDB420A2CB1B30009B697 /* nsSBCharSetProber.h */,
				1B0DDB430A2CB1B30009B697 /* nsSBCSGroupProber.cpp */,
				1B0DDB440A2CB1B30009B697 /* nsSBCSGroupProber.h */,
				1B0DDB450A2CB1B30009B697 /* nsSJISProber.cpp */,
				1B0DDB460A2CB1B30009B697 /* nsSJISProber.h */,
				1B0DDB4B0A2CB1B30009B697 /* nsUniversalDetector.cpp */,
				1B0DDB4C0A2CB1B30009B697 /* nsUniversalDetector.h */,
				1B0DDB4D0A2CB1B30009B697 /* nsUTF8Prober.cpp */,
				1B0DDB4E0A2CB1B30009B697 /* nsUTF8Prober.h */,
			);
			name = base;
			sourceTree = "<group>";
		};
		3D8275C716B943C100061FD9 /* mozilla-release */ = {
			isa = PBXGroup;
			children = (
				3D8275C816B943C100061FD9 /* xpcom */,
			);
			path = "mozilla-release";
			sourceTree = "<group>";
		};
		3D8275C816B943C100061FD9 /* xpcom */ = {
			isa = PBXGroup;
			children = (
				3D8275C916B943C100061FD9 /* glue */,
			);
			path = xpcom;
			sourceTree = "<group>";
		};
		3D8275C916B943C100061FD9 /* glue */ = {
			isa = PBXGroup;
			children = (
				3D8275D516B946F100061FD9 /* nsDebug.h */,
				3D8275CB16B943C100061FD9 /* nsMemory.h */,
			);
			path = glue;
			sourceTree = "<group>";
		};
		5518C6D51BDAFDCC00D50302 /* UniversalDetectorTests */ = {
			isa = PBXGroup;
			children = (
				5518C6D61BDAFDCC00D50302 /* UniversalDetectorTests.m */,
				5518C6DF1BDAFE5B00D50302 /* UniversalDetectorSwiftTests.swift */,
				5518C6D81BDAFDCC00D50302 /* Info.plist */,
			);
			path = UniversalDetectorTests;
			sourceTree = "<group>";
		};
/* End PBXGroup section */

/* Begin PBXHeadersBuildPhase section */
		55F5908C1EB53613000B4973 /* Headers */ = {
			isa = PBXHeadersBuildPhase;
			buildActionMask = 2147483647;
			files = (
				55F590AD1EB5372D000B4973 /* nsMemory.h in Headers */,
				55F590AC1EB5372D000B4973 /* nsDebug.h in Headers */,
			);
			runOnlyForDeploymentPostprocessing = 0;
		};
		8DC2EF500486A6940098B216 /* Headers */ = {
			isa = PBXHeadersBuildPhase;
			buildActionMask = 2147483647;
			files = (
				1B0DDC750A2CDD2E0009B697 /* UniversalDetector.h in Headers */,
				3D8275CD16B943C100061FD9 /* nsMemory.h in Headers */,
				3D8275D616B946F100061FD9 /* nsDebug.h in Headers */,
			);
			runOnlyForDeploymentPostprocessing = 0;
		};
/* End PBXHeadersBuildPhase section */

/* Begin PBXNativeTarget section */
		1B0DDCAA0A2D0AD10009B697 /* DetectorTest */ = {
			isa = PBXNativeTarget;
			buildConfigurationList = 1B0DDCAE0A2D0AFD0009B697 /* Build configuration list for PBXNativeTarget "DetectorTest" */;
			buildPhases = (
				1B0DDCA80A2D0AD10009B697 /* Sources */,
				1B0DDCA90A2D0AD10009B697 /* Frameworks */,
			);
			buildRules = (
			);
			dependencies = (
				1B0DDCBB0A2D0C490009B697 /* PBXTargetDependency */,
			);
			name = DetectorTest;
			productName = DetectorTest;
			productReference = 1B0DDCAB0A2D0AD10009B697 /* DetectorTest */;
			productType = "com.apple.product-type.tool";
		};
		1B467B0415CD9B1F001AB1DD /* libUniversalDetector.ios.a */ = {
			isa = PBXNativeTarget;
			buildConfigurationList = 1B467B2315CD9B1F001AB1DD /* Build configuration list for PBXNativeTarget "libUniversalDetector.ios.a" */;
			buildPhases = (
				1B467B0515CD9B1F001AB1DD /* Sources */,
				1B467B2215CD9B1F001AB1DD /* Frameworks */,
			);
			buildRules = (
			);
			dependencies = (
			);
			name = libUniversalDetector.ios.a;
			productName = libUniversalDetector;
			productType = "com.apple.product-type.library.static";
		};
		1B91CBB711D821A70081E40A /* libUniversalDetector.win.a */ = {
			isa = PBXNativeTarget;
			buildConfigurationList = 1B91CBDD11D821A70081E40A /* Build configuration list for PBXNativeTarget "libUniversalDetector.win.a" */;
			buildPhases = (
				1B91CBBF11D821A70081E40A /* Sources */,
			);
			buildRules = (
				1B91CBF611D821EB0081E40A /* PBXBuildRule */,
			);
			dependencies = (
			);
			name = libUniversalDetector.win.a;
			productName = libUniversalDetector;
			productType = "com.apple.product-type.library.static";
		};
		5518C6D31BDAFDCC00D50302 /* UniversalDetectorTests */ = {
			isa = PBXNativeTarget;
			buildConfigurationList = 5518C6DE1BDAFDCC00D50302 /* Build configuration list for PBXNativeTarget "UniversalDetectorTests" */;
			buildPhases = (
				5518C6D01BDAFDCC00D50302 /* Sources */,
				5518C6D11BDAFDCC00D50302 /* Frameworks */,
				5518C6D21BDAFDCC00D50302 /* Resources */,
			);
			buildRules = (
			);
			dependencies = (
				5518C6DB1BDAFDCC00D50302 /* PBXTargetDependency */,
			);
			name = UniversalDetectorTests;
			productName = UniversalDetectorTests;
			productReference = 5518C6D41BDAFDCC00D50302 /* UniversalDetectorTests.xctest */;
			productType = "com.apple.product-type.bundle.unit-test";
		};
		55F5908D1EB53613000B4973 /* Static Library */ = {
			isa = PBXNativeTarget;
			buildConfigurationList = 55F590911EB53613000B4973 /* Build configuration list for PBXNativeTarget "Static Library" */;
			buildPhases = (
				55F5908A1EB53613000B4973 /* Sources */,
				55F5908B1EB53613000B4973 /* Frameworks */,
				55F5908C1EB53613000B4973 /* Headers */,
			);
			buildRules = (
			);
			dependencies = (
			);
			name = "Static Library";
			productName = "Static Library";
			productReference = 55F5908E1EB53613000B4973 /* libUniversalDetector.a */;
			productType = "com.apple.product-type.library.static";
		};
		8DC2EF4F0486A6940098B216 /* UniversalDetector */ = {
			isa = PBXNativeTarget;
			buildConfigurationList = 1DEB91AD08733DA50010E9CD /* Build configuration list for PBXNativeTarget "UniversalDetector" */;
			buildPhases = (
				8DC2EF500486A6940098B216 /* Headers */,
				8DC2EF520486A6940098B216 /* Resources */,
				8DC2EF540486A6940098B216 /* Sources */,
				8DC2EF560486A6940098B216 /* Frameworks */,
			);
			buildRules = (
			);
			dependencies = (
			);
			name = UniversalDetector;
			productInstallPath = "$(HOME)/Library/Frameworks";
			productName = UniversalCharDet;
			productReference = 8DC2EF5B0486A6940098B216 /* UniversalDetector.framework */;
			productType = "com.apple.product-type.framework";
		};
/* End PBXNativeTarget section */

/* Begin PBXProject section */
		0867D690FE84028FC02AAC07 /* Project object */ = {
			isa = PBXProject;
			attributes = {
				LastUpgradeCheck = 1410;
				TargetAttributes = {
					5518C6D31BDAFDCC00D50302 = {
						CreatedOnToolsVersion = 7.1;
					};
					55F5908D1EB53613000B4973 = {
						CreatedOnToolsVersion = 8.3.2;
						ProvisioningStyle = Automatic;
					};
					8DC2EF4F0486A6940098B216 = {
						LastSwiftMigration = 1100;
					};
				};
			};
			buildConfigurationList = 1DEB91B108733DA50010E9CD /* Build configuration list for PBXProject "UniversalDetector" */;
			compatibilityVersion = "Xcode 3.2";
			developmentRegion = en;
			hasScannedForEncodings = 1;
			knownRegions = (
				en,
				fr,
				de,
				ja,
			);
			mainGroup = 0867D691FE84028FC02AAC07 /* UniversalCharDet */;
			productRefGroup = 034768DFFF38A50411DB9C8B /* Products */;
			projectDirPath = "";
			projectRoot = "";
			targets = (
				8DC2EF4F0486A6940098B216 /* UniversalDetector */,
				1B0DDCAA0A2D0AD10009B697 /* DetectorTest */,
				5518C6D31BDAFDCC00D50302 /* UniversalDetectorTests */,
				55F5908D1EB53613000B4973 /* Static Library */,
				1B91CBB711D821A70081E40A /* libUniversalDetector.win.a */,
				1B467B0415CD9B1F001AB1DD /* libUniversalDetector.ios.a */,
			);
		};
/* End PBXProject section */

/* Begin PBXResourcesBuildPhase section */
		5518C6D21BDAFDCC00D50302 /* Resources */ = {
			isa = PBXResourcesBuildPhase;
			buildActionMask = 2147483647;
			files = (
			);
			runOnlyForDeploymentPostprocessing = 0;
		};
		8DC2EF520486A6940098B216 /* Resources */ = {
			isa = PBXResourcesBuildPhase;
			buildActionMask = 2147483647;
			files = (
			);
			runOnlyForDeploymentPostprocessing = 0;
		};
/* End PBXResourcesBuildPhase section */

/* Begin PBXSourcesBuildPhase section */
		1B0DDCA80A2D0AD10009B697 /* Sources */ = {
			isa = PBXSourcesBuildPhase;
			buildActionMask = 2147483647;
			files = (
				1B0DDCB20A2D0B240009B697 /* DetectorTest.m in Sources */,
			);
			runOnlyForDeploymentPostprocessing = 0;
		};
		1B467B0515CD9B1F001AB1DD /* Sources */ = {
			isa = PBXSourcesBuildPhase;
			buildActionMask = 2147483647;
			files = (
				1B467B0615CD9B1F001AB1DD /* UniversalDetector.mm in Sources */,
				1B467B0715CD9B1F001AB1DD /* CharDistribution.cpp in Sources */,
				1B467B0815CD9B1F001AB1DD /* JpCntx.cpp in Sources */,
				1B467B0915CD9B1F001AB1DD /* LangBulgarianModel.cpp in Sources */,
				1B467B0A15CD9B1F001AB1DD /* LangCyrillicModel.cpp in Sources */,
				1B467B0B15CD9B1F001AB1DD /* LangGreekModel.cpp in Sources */,
				1B467B0C15CD9B1F001AB1DD /* LangHebrewModel.cpp in Sources */,
				1B467B0D15CD9B1F001AB1DD /* LangHungarianModel.cpp in Sources */,
				1B467B0E15CD9B1F001AB1DD /* LangThaiModel.cpp in Sources */,
				1B467B0F15CD9B1F001AB1DD /* nsBig5Prober.cpp in Sources */,
				1B467B1015CD9B1F001AB1DD /* nsCharSetProber.cpp in Sources */,
				1B467B1115CD9B1F001AB1DD /* nsEscCharsetProber.cpp in Sources */,
				1B467B1215CD9B1F001AB1DD /* nsEscSM.cpp in Sources */,
				1B467B1315CD9B1F001AB1DD /* nsEUCJPProber.cpp in Sources */,
				1B467B1415CD9B1F001AB1DD /* nsEUCKRProber.cpp in Sources */,
				1B467B1515CD9B1F001AB1DD /* nsEUCTWProber.cpp in Sources */,
				1B467B1615CD9B1F001AB1DD /* nsGB2312Prober.cpp in Sources */,
				1B467B1715CD9B1F001AB1DD /* nsHebrewProber.cpp in Sources */,
				1B467B1815CD9B1F001AB1DD /* nsLatin1Prober.cpp in Sources */,
				1B467B1915CD9B1F001AB1DD /* nsMBCSGroupProber.cpp in Sources */,
				1B467B1A15CD9B1F001AB1DD /* nsMBCSSM.cpp in Sources */,
				1B467B1B15CD9B1F001AB1DD /* nsSBCharSetProber.cpp in Sources */,
				1B467B1C15CD9B1F001AB1DD /* nsSBCSGroupProber.cpp in Sources */,
				1B467B1D15CD9B1F001AB1DD /* nsSJISProber.cpp in Sources */,
				1B467B1E15CD9B1F001AB1DD /* nsUniversalDetector.cpp in Sources */,
				1B467B1F15CD9B1F001AB1DD /* nsUTF8Prober.cpp in Sources */,
				1B467B2115CD9B1F001AB1DD /* kludge.c in Sources */,
			);
			runOnlyForDeploymentPostprocessing = 0;
		};
		1B91CBBF11D821A70081E40A /* Sources */ = {
			isa = PBXSourcesBuildPhase;
			buildActionMask = 2147483647;
			files = (
				1B91CBC011D821A70081E40A /* UniversalDetector.mm in Sources */,
				1B91CBC111D821A70081E40A /* CharDistribution.cpp in Sources */,
				1B91CBC211D821A70081E40A /* JpCntx.cpp in Sources */,
				1B91CBC311D821A70081E40A /* LangBulgarianModel.cpp in Sources */,
				1B91CBC411D821A70081E40A /* LangCyrillicModel.cpp in Sources */,
				1B91CBC511D821A70081E40A /* LangGreekModel.cpp in Sources */,
				1B91CBC611D821A70081E40A /* LangHebrewModel.cpp in Sources */,
				1B91CBC711D821A70081E40A /* LangHungarianModel.cpp in Sources */,
				1B91CBC811D821A70081E40A /* LangThaiModel.cpp in Sources */,
				1B91CBC911D821A70081E40A /* nsBig5Prober.cpp in Sources */,
				1B91CBCA11D821A70081E40A /* nsCharSetProber.cpp in Sources */,
				1B91CBCB11D821A70081E40A /* nsEscCharsetProber.cpp in Sources */,
				1B91CBCC11D821A70081E40A /* nsEscSM.cpp in Sources */,
				1B91CBCD11D821A70081E40A /* nsEUCJPProber.cpp in Sources */,
				1B91CBCE11D821A70081E40A /* nsEUCKRProber.cpp in Sources */,
				1B91CBCF11D821A70081E40A /* nsEUCTWProber.cpp in Sources */,
				1B91CBD011D821A70081E40A /* nsGB2312Prober.cpp in Sources */,
				1B91CBD111D821A70081E40A /* nsHebrewProber.cpp in Sources */,
				1B91CBD211D821A70081E40A /* nsLatin1Prober.cpp in Sources */,
				1B91CBD311D821A70081E40A /* nsMBCSGroupProber.cpp in Sources */,
				1B91CBD411D821A70081E40A /* nsMBCSSM.cpp in Sources */,
				1B91CBD511D821A70081E40A /* nsSBCharSetProber.cpp in Sources */,
				1B91CBD611D821A70081E40A /* nsSBCSGroupProber.cpp in Sources */,
				1B91CBD711D821A70081E40A /* nsSJISProber.cpp in Sources */,
				1B91CBD811D821A70081E40A /* nsUniversalDetector.cpp in Sources */,
				1B91CBD911D821A70081E40A /* nsUTF8Prober.cpp in Sources */,
				1B91CBDB11D821A70081E40A /* kludge.c in Sources */,
			);
			runOnlyForDeploymentPostprocessing = 0;
		};
		5518C6D01BDAFDCC00D50302 /* Sources */ = {
			isa = PBXSourcesBuildPhase;
			buildActionMask = 2147483647;
			files = (
				5518C6D71BDAFDCC00D50302 /* UniversalDetectorTests.m in Sources */,
				5518C6E01BDAFE5B00D50302 /* UniversalDetectorSwiftTests.swift in Sources */,
			);
			runOnlyForDeploymentPostprocessing = 0;
		};
		55F5908A1EB53613000B4973 /* Sources */ = {
			isa = PBXSourcesBuildPhase;
			buildActionMask = 2147483647;
			files = (
				55F5909A1EB5364B000B4973 /* LangThaiModel.cpp in Sources */,
				55F590971EB5364B000B4973 /* LangGreekModel.cpp in Sources */,
				55F590A71EB5364B000B4973 /* nsSBCharSetProber.cpp in Sources */,
				55F590A61EB5364B000B4973 /* nsMBCSSM.cpp in Sources */,
				55F590941EB5364B000B4973 /* JpCntx.cpp in Sources */,
				55F590AB1EB5364B000B4973 /* nsUTF8Prober.cpp in Sources */,
				55F590921EB53623000B4973 /* UniversalDetector.mm in Sources */,
				55F590931EB5364B000B4973 /* CharDistribution.cpp in Sources */,
				55F590A41EB5364B000B4973 /* nsLatin1Prober.cpp in Sources */,
				55F590A11EB5364B000B4973 /* nsEUCTWProber.cpp in Sources */,
				55F590AA1EB5364B000B4973 /* nsUniversalDetector.cpp in Sources */,
				55F590A51EB5364B000B4973 /* nsMBCSGroupProber.cpp in Sources */,
				55F5909B1EB5364B000B4973 /* nsBig5Prober.cpp in Sources */,
				55F5909C1EB5364B000B4973 /* nsCharSetProber.cpp in Sources */,
				55F590981EB5364B000B4973 /* LangHebrewModel.cpp in Sources */,
				55F590A91EB5364B000B4973 /* nsSJISProber.cpp in Sources */,
				55F590A21EB5364B000B4973 /* nsGB2312Prober.cpp in Sources */,
				55F590A81EB5364B000B4973 /* nsSBCSGroupProber.cpp in Sources */,
				55F590A01EB5364B000B4973 /* nsEUCKRProber.cpp in Sources */,
				55F5909F1EB5364B000B4973 /* nsEUCJPProber.cpp in Sources */,
				55F590961EB5364B000B4973 /* LangCyrillicModel.cpp in Sources */,
				55F590A31EB5364B000B4973 /* nsHebrewProber.cpp in Sources */,
				55F590951EB5364B000B4973 /* LangBulgarianModel.cpp in Sources */,
				55F590991EB5364B000B4973 /* LangHungarianModel.cpp in Sources */,
				55F5909E1EB5364B000B4973 /* nsEscSM.cpp in Sources */,
				55F590AE1EB5378D000B4973 /* kludge.c in Sources */,
				55F5909D1EB5364B000B4973 /* nsEscCharsetProber.cpp in Sources */,
			);
			runOnlyForDeploymentPostprocessing = 0;
		};
		8DC2EF540486A6940098B216 /* Sources */ = {
			isa = PBXSourcesBuildPhase;
			buildActionMask = 2147483647;
			files = (
				1B0DDB5A0A2CB1B30009B697 /* CharDistribution.cpp in Sources */,
				1B0DDB600A2CB1B30009B697 /* JpCntx.cpp in Sources */,
				1B0DDB620A2CB1B30009B697 /* LangBulgarianModel.cpp in Sources */,
				1B0DDB630A2CB1B30009B697 /* LangCyrillicModel.cpp in Sources */,
				1B0DDB640A2CB1B30009B697 /* LangGreekModel.cpp in Sources */,
				1B0DDB650A2CB1B30009B697 /* LangHebrewModel.cpp in Sources */,
				1B0DDB660A2CB1B30009B697 /* LangHungarianModel.cpp in Sources */,
				1B0DDB670A2CB1B30009B697 /* LangThaiModel.cpp in Sources */,
				1B0DDB690A2CB1B30009B697 /* nsBig5Prober.cpp in Sources */,
				1B0DDB6B0A2CB1B30009B697 /* nsCharSetProber.cpp in Sources */,
				1B0DDB6E0A2CB1B30009B697 /* nsEscCharsetProber.cpp in Sources */,
				1B0DDB700A2CB1B30009B697 /* nsEscSM.cpp in Sources */,
				1B0DDB710A2CB1B30009B697 /* nsEUCJPProber.cpp in Sources */,
				1B0DDB730A2CB1B30009B697 /* nsEUCKRProber.cpp in Sources */,
				1B0DDB750A2CB1B30009B697 /* nsEUCTWProber.cpp in Sources */,
				1B0DDB770A2CB1B30009B697 /* nsGB2312Prober.cpp in Sources */,
				1B0DDB790A2CB1B30009B697 /* nsHebrewProber.cpp in Sources */,
				1B0DDB7B0A2CB1B30009B697 /* nsLatin1Prober.cpp in Sources */,
				1B0DDB7D0A2CB1B30009B697 /* nsMBCSGroupProber.cpp in Sources */,
				1B0DDB7F0A2CB1B30009B697 /* nsMBCSSM.cpp in Sources */,
				1B0DDB810A2CB1B30009B697 /* nsSBCharSetProber.cpp in Sources */,
				1B0DDB830A2CB1B30009B697 /* nsSBCSGroupProber.cpp in Sources */,
				1B0DDB850A2CB1B30009B697 /* nsSJISProber.cpp in Sources */,
				1B0DDB8B0A2CB1B30009B697 /* nsUniversalDetector.cpp in Sources */,
				554B4ABF21181DB8002B3BAE /* UDAdditions.swift in Sources */,
				1B0DDB8D0A2CB1B30009B697 /* nsUTF8Prober.cpp in Sources */,
				1B0DDC520A2CDA3D0009B697 /* kludge.c in Sources */,
				1B0DDC760A2CDD2E0009B697 /* UniversalDetector.mm in Sources */,
			);
			runOnlyForDeploymentPostprocessing = 0;
		};
/* End PBXSourcesBuildPhase section */

/* Begin PBXTargetDependency section */
		1B0DDCBB0A2D0C490009B697 /* PBXTargetDependency */ = {
			isa = PBXTargetDependency;
			target = 8DC2EF4F0486A6940098B216 /* UniversalDetector */;
			targetProxy = 1B0DDCBA0A2D0C490009B697 /* PBXContainerItemProxy */;
		};
		5518C6DB1BDAFDCC00D50302 /* PBXTargetDependency */ = {
			isa = PBXTargetDependency;
			target = 8DC2EF4F0486A6940098B216 /* UniversalDetector */;
			targetProxy = 5518C6DA1BDAFDCC00D50302 /* PBXContainerItemProxy */;
		};
/* End PBXTargetDependency section */

/* Begin XCBuildConfiguration section */
		1B0DDCAF0A2D0AFD0009B697 /* Debug */ = {
			isa = XCBuildConfiguration;
			buildSettings = {
				CLANG_ENABLE_OBJC_ARC = NO;
				CLANG_ENABLE_OBJC_WEAK = YES;
				CODE_SIGN_IDENTITY = "-";
				COPY_PHASE_STRIP = NO;
				DEAD_CODE_STRIPPING = YES;
				GCC_C_LANGUAGE_STANDARD = gnu99;
				GCC_DYNAMIC_NO_PIC = NO;
				GCC_GENERATE_DEBUGGING_SYMBOLS = YES;
				GCC_PRECOMPILE_PREFIX_HEADER = YES;
				GCC_PREFIX_HEADER = "$(SYSTEM_LIBRARY_DIR)/Frameworks/AppKit.framework/Headers/AppKit.h";
				INSTALL_PATH = "$(HOME)/bin";
				OTHER_LDFLAGS = (
					"-framework",
					Foundation,
					"-framework",
					AppKit,
				);
				PRODUCT_NAME = DetectorTest;
				ZERO_LINK = NO;
			};
			name = Debug;
		};
		1B0DDCB00A2D0AFD0009B697 /* Release */ = {
			isa = XCBuildConfiguration;
			buildSettings = {
				CLANG_ENABLE_OBJC_ARC = NO;
				CLANG_ENABLE_OBJC_WEAK = YES;
				CODE_SIGN_IDENTITY = "-";
				COPY_PHASE_STRIP = YES;
				DEAD_CODE_STRIPPING = YES;
				GCC_C_LANGUAGE_STANDARD = gnu99;
				GCC_GENERATE_DEBUGGING_SYMBOLS = NO;
				GCC_PRECOMPILE_PREFIX_HEADER = YES;
				GCC_PREFIX_HEADER = "$(SYSTEM_LIBRARY_DIR)/Frameworks/AppKit.framework/Headers/AppKit.h";
				INSTALL_PATH = "$(HOME)/bin";
				OTHER_LDFLAGS = (
					"-framework",
					Foundation,
					"-framework",
					AppKit,
				);
				PRODUCT_NAME = DetectorTest;
				ZERO_LINK = NO;
			};
			name = Release;
		};
		1B467B2415CD9B1F001AB1DD /* Debug */ = {
			isa = XCBuildConfiguration;
			buildSettings = {
				ALWAYS_SEARCH_USER_PATHS = NO;
				COPY_PHASE_STRIP = NO;
				GCC_DYNAMIC_NO_PIC = NO;
				GCC_OPTIMIZATION_LEVEL = 0;
				GCC_PRECOMPILE_PREFIX_HEADER = NO;
				GCC_PREFIX_HEADER = "";
				GCC_THUMB_SUPPORT = NO;
				INSTALL_PATH = /usr/local/lib;
				IPHONEOS_DEPLOYMENT_TARGET = 12.0;
				OTHER_LDFLAGS = (
					"-framework",
					Foundation,
					"-framework",
					AppKit,
				);
				PRODUCT_NAME = UniversalDetector.ios;
				SDKROOT = iphoneos;
				SKIP_INSTALL = YES;
			};
			name = Debug;
		};
		1B467B2515CD9B1F001AB1DD /* Release */ = {
			isa = XCBuildConfiguration;
			buildSettings = {
				ALWAYS_SEARCH_USER_PATHS = NO;
				COPY_PHASE_STRIP = YES;
				DEBUG_INFORMATION_FORMAT = "dwarf-with-dsym";
				GCC_PRECOMPILE_PREFIX_HEADER = YES;
				GCC_PREFIX_HEADER = "";
				GCC_THUMB_SUPPORT = NO;
				INSTALL_PATH = /usr/local/lib;
				IPHONEOS_DEPLOYMENT_TARGET = 12.0;
				OTHER_LDFLAGS = "";
				PRODUCT_NAME = UniversalDetector.ios;
				SDKROOT = iphoneos;
				SKIP_INSTALL = YES;
			};
			name = Release;
		};
		1B54130B13296EE3002AF4B8 /* Release */ = {
			isa = XCBuildConfiguration;
			buildSettings = {
				ALWAYS_SEARCH_USER_PATHS = NO;
				COMBINE_HIDPI_IMAGES = YES;
				COPY_PHASE_STRIP = NO;
				DEBUG_INFORMATION_FORMAT = "dwarf-with-dsym";
				EXECUTABLE_PREFIX = lib;
				FRAMEWORK_SEARCH_PATHS = /Developer/Cocotron/1.0/Windows/i386/Frameworks;
				GCC_ENABLE_OBJC_MODULE_STATIC_INITIALIZER = NO;
				GCC_MODEL_TUNING = G5;
				GCC_PRECOMPILE_PREFIX_HEADER = NO;
				GCC_PREFIX_HEADER = "";
				GCC_VERSION = "";
				GCC_VERSION_i386 = "";
				GCC_VERSION_ppc = "";
				GCC_WARN_64_TO_32_BIT_CONVERSION = NO;
				GCC_WARN_UNINITIALIZED_AUTOS = NO;
				INSTALL_PATH = /usr/local/lib;
				LIBTOOL = "$(SRCROOT)/../XADMaster/Windows/bin/libtoolstub.pl";
				MACH_O_TYPE = mh_object;
				MACOSX_DEPLOYMENT_TARGET = "";
				OTHER_LDFLAGS = "";
				PRODUCT_NAME = UniversalDetector.win;
				SDKROOT_i386 = "";
				SDKROOT_ppc = "";
				SDKROOT_x86_64 = "";
				SYMROOT = /Users/dag/Code/Build/Windows;
				ZERO_LINK = NO;
			};
			name = Release;
		};
		1B91CBDE11D821A70081E40A /* Debug */ = {
			isa = XCBuildConfiguration;
			buildSettings = {
				ALWAYS_SEARCH_USER_PATHS = NO;
				COMBINE_HIDPI_IMAGES = YES;
				COPY_PHASE_STRIP = NO;
				EXECUTABLE_EXTENSION = a;
				EXECUTABLE_PREFIX = lib;
				FRAMEWORK_SEARCH_PATHS = /Developer/Cocotron/1.0/Windows/i386/Frameworks;
				GCC_DYNAMIC_NO_PIC = NO;
				GCC_ENABLE_OBJC_MODULE_STATIC_INITIALIZER = NO;
				GCC_MODEL_TUNING = G5;
				GCC_OPTIMIZATION_LEVEL = 0;
				GCC_PRECOMPILE_PREFIX_HEADER = NO;
				GCC_PREFIX_HEADER = "";
				GCC_VERSION = "";
				GCC_VERSION_i386 = "";
				GCC_VERSION_ppc = "";
				GCC_WARN_64_TO_32_BIT_CONVERSION = NO;
				GCC_WARN_UNINITIALIZED_AUTOS = NO;
				INSTALL_PATH = /usr/local/lib;
				LIBTOOL = "$(SRCROOT)/../XADMaster/Windows/bin/libtoolstub.pl";
				MACH_O_TYPE = mh_object;
				MACOSX_DEPLOYMENT_TARGET = "";
				OTHER_LDFLAGS = "";
				PRODUCT_NAME = UniversalDetector.win;
				SDKROOT_i386 = "";
				SDKROOT_ppc = "";
				SDKROOT_x86_64 = "";
				SYMROOT = /Users/dag/Code/Build/Windows;
			};
			name = Debug;
		};
		1DEB91AE08733DA50010E9CD /* Debug */ = {
			isa = XCBuildConfiguration;
			buildSettings = {
				CLANG_ENABLE_MODULES = YES;
				CLANG_ENABLE_OBJC_WEAK = YES;
				COMBINE_HIDPI_IMAGES = YES;
				DEAD_CODE_STRIPPING = YES;
				DEFINES_MODULE = YES;
				DYLIB_COMPATIBILITY_VERSION = 1;
				DYLIB_CURRENT_VERSION = 1;
				DYLIB_INSTALL_NAME_BASE = "@rpath";
				EXPORTED_SYMBOLS_FILE = UniversalDetector.exp;
				FRAMEWORK_VERSION = A;
				GCC_DYNAMIC_NO_PIC = NO;
				GCC_PRECOMPILE_PREFIX_HEADER = YES;
				GCC_PREFIX_HEADER = UniversalDetector_Prefix.pch;
				INFOPLIST_FILE = Info.plist;
				IPHONEOS_DEPLOYMENT_TARGET = 12.0;
				LD_RUNPATH_SEARCH_PATHS = "$(inherited) @executable_path/../Frameworks @loader_path/../Frameworks";
				"LD_RUNPATH_SEARCH_PATHS[sdk=appletvos*]" = "@executable_path/Frameworks @loader_path/Frameworks";
				"LD_RUNPATH_SEARCH_PATHS[sdk=appletvsimulator*]" = "@executable_path/Frameworks @loader_path/Frameworks";
				"LD_RUNPATH_SEARCH_PATHS[sdk=iphoneos*]" = "@executable_path/Frameworks @loader_path/Frameworks";
				"LD_RUNPATH_SEARCH_PATHS[sdk=iphonesimulator*]" = "@executable_path/Frameworks @loader_path/Frameworks";
				MACOSX_DEPLOYMENT_TARGET = 10.13;
				PRODUCT_BUNDLE_IDENTIFIER = org.mozilla.universalchardet;
				PRODUCT_NAME = UniversalDetector;
				SKIP_INSTALL = YES;
				SUPPORTED_PLATFORMS = "appletvos appletvsimulator iphoneos iphonesimulator macosx";
				SUPPORTS_MACCATALYST = YES;
				SUPPORTS_MAC_DESIGNED_FOR_IPHONE_IPAD = YES;
				SWIFT_VERSION = 5.0;
				TARGETED_DEVICE_FAMILY = "1,2,3";
				TVOS_DEPLOYMENT_TARGET = 12.0;
				WRAPPER_EXTENSION = framework;
			};
			name = Debug;
		};
		1DEB91AF08733DA50010E9CD /* Release */ = {
			isa = XCBuildConfiguration;
			buildSettings = {
				CLANG_ENABLE_MODULES = YES;
				CLANG_ENABLE_OBJC_WEAK = YES;
				COMBINE_HIDPI_IMAGES = YES;
				DEAD_CODE_STRIPPING = YES;
				DEFINES_MODULE = YES;
				DYLIB_COMPATIBILITY_VERSION = 1;
				DYLIB_CURRENT_VERSION = 1;
				DYLIB_INSTALL_NAME_BASE = "@rpath";
				EXPORTED_SYMBOLS_FILE = UniversalDetector.exp;
				FRAMEWORK_VERSION = A;
				GCC_DYNAMIC_NO_PIC = NO;
				GCC_PRECOMPILE_PREFIX_HEADER = YES;
				GCC_PREFIX_HEADER = UniversalDetector_Prefix.pch;
				INFOPLIST_FILE = Info.plist;
				IPHONEOS_DEPLOYMENT_TARGET = 12.0;
				LD_RUNPATH_SEARCH_PATHS = "$(inherited) @executable_path/../Frameworks @loader_path/../Frameworks";
				"LD_RUNPATH_SEARCH_PATHS[sdk=appletvos*]" = "@executable_path/Frameworks @loader_path/Frameworks";
				"LD_RUNPATH_SEARCH_PATHS[sdk=appletvsimulator*]" = "@executable_path/Frameworks @loader_path/Frameworks";
				"LD_RUNPATH_SEARCH_PATHS[sdk=iphoneos*]" = "@executable_path/Frameworks @loader_path/Frameworks";
				"LD_RUNPATH_SEARCH_PATHS[sdk=iphonesimulator*]" = "@executable_path/Frameworks @loader_path/Frameworks";
				MACOSX_DEPLOYMENT_TARGET = 10.13;
				PRODUCT_BUNDLE_IDENTIFIER = org.mozilla.universalchardet;
				PRODUCT_NAME = UniversalDetector;
				SKIP_INSTALL = YES;
				SUPPORTED_PLATFORMS = "appletvos appletvsimulator iphoneos iphonesimulator macosx";
				SUPPORTS_MACCATALYST = YES;
				SUPPORTS_MAC_DESIGNED_FOR_IPHONE_IPAD = YES;
				SWIFT_VERSION = 5.0;
				TARGETED_DEVICE_FAMILY = "1,2,3";
				TVOS_DEPLOYMENT_TARGET = 12.0;
				WRAPPER_EXTENSION = framework;
			};
			name = Release;
		};
		1DEB91B208733DA50010E9CD /* Debug */ = {
			isa = XCBuildConfiguration;
			buildSettings = {
				ALWAYS_SEARCH_USER_PATHS = NO;
				CLANG_ANALYZER_LOCALIZABILITY_NONLOCALIZED = YES;
				CLANG_CXX_LANGUAGE_STANDARD = "gnu++0x";
				CLANG_CXX_LIBRARY = "libc++";
				CLANG_ENABLE_OBJC_ARC = YES;
				CLANG_WARN_BLOCK_CAPTURE_AUTORELEASING = YES;
				CLANG_WARN_BOOL_CONVERSION = YES;
				CLANG_WARN_COMMA = YES;
				CLANG_WARN_CONSTANT_CONVERSION = YES;
				CLANG_WARN_DEPRECATED_OBJC_IMPLEMENTATIONS = YES;
				CLANG_WARN_DIRECT_OBJC_ISA_USAGE = YES_ERROR;
				CLANG_WARN_EMPTY_BODY = YES;
				CLANG_WARN_ENUM_CONVERSION = YES;
				CLANG_WARN_INFINITE_RECURSION = YES;
				CLANG_WARN_INT_CONVERSION = YES;
				CLANG_WARN_NON_LITERAL_NULL_CONVERSION = YES;
				CLANG_WARN_OBJC_IMPLICIT_RETAIN_SELF = YES;
				CLANG_WARN_OBJC_LITERAL_CONVERSION = YES;
				CLANG_WARN_OBJC_ROOT_CLASS = YES_ERROR;
				CLANG_WARN_QUOTED_INCLUDE_IN_FRAMEWORK_HEADER = YES;
				CLANG_WARN_RANGE_LOOP_ANALYSIS = YES;
				CLANG_WARN_STRICT_PROTOTYPES = YES;
				CLANG_WARN_SUSPICIOUS_MOVE = YES;
				CLANG_WARN_UNREACHABLE_CODE = YES;
				CLANG_WARN__DUPLICATE_METHOD_MATCH = YES;
				DEAD_CODE_STRIPPING = YES;
				DEBUG_INFORMATION_FORMAT = dwarf;
				ENABLE_STRICT_OBJC_MSGSEND = YES;
				ENABLE_TESTABILITY = YES;
				GCC_C_LANGUAGE_STANDARD = c99;
				GCC_INLINES_ARE_PRIVATE_EXTERN = YES;
				GCC_NO_COMMON_BLOCKS = YES;
				GCC_OPTIMIZATION_LEVEL = 0;
				GCC_VERSION = "";
				GCC_WARN_64_TO_32_BIT_CONVERSION = YES;
				GCC_WARN_ABOUT_RETURN_TYPE = YES;
				GCC_WARN_UNDECLARED_SELECTOR = YES;
				GCC_WARN_UNINITIALIZED_AUTOS = YES;
				GCC_WARN_UNUSED_FUNCTION = YES;
				GCC_WARN_UNUSED_VARIABLE = YES;
				IPHONEOS_DEPLOYMENT_TARGET = 12.0;
				MACOSX_DEPLOYMENT_TARGET = 10.13;
				ONLY_ACTIVE_ARCH = YES;
				SDKROOT = macosx;
				SKIP_INSTALL = YES;
				SWIFT_OPTIMIZATION_LEVEL = "-Onone";
				SWIFT_VERSION = 5.0;
				TVOS_DEPLOYMENT_TARGET = 12.0;
			};
			name = Debug;
		};
		1DEB91B308733DA50010E9CD /* Release */ = {
			isa = XCBuildConfiguration;
			buildSettings = {
				ALWAYS_SEARCH_USER_PATHS = NO;
				CLANG_ANALYZER_LOCALIZABILITY_NONLOCALIZED = YES;
				CLANG_CXX_LANGUAGE_STANDARD = "gnu++0x";
				CLANG_CXX_LIBRARY = "libc++";
				CLANG_ENABLE_OBJC_ARC = YES;
				CLANG_WARN_BLOCK_CAPTURE_AUTORELEASING = YES;
				CLANG_WARN_BOOL_CONVERSION = YES;
				CLANG_WARN_COMMA = YES;
				CLANG_WARN_CONSTANT_CONVERSION = YES;
				CLANG_WARN_DEPRECATED_OBJC_IMPLEMENTATIONS = YES;
				CLANG_WARN_DIRECT_OBJC_ISA_USAGE = YES_ERROR;
				CLANG_WARN_EMPTY_BODY = YES;
				CLANG_WARN_ENUM_CONVERSION = YES;
				CLANG_WARN_INFINITE_RECURSION = YES;
				CLANG_WARN_INT_CONVERSION = YES;
				CLANG_WARN_NON_LITERAL_NULL_CONVERSION = YES;
				CLANG_WARN_OBJC_IMPLICIT_RETAIN_SELF = YES;
				CLANG_WARN_OBJC_LITERAL_CONVERSION = YES;
				CLANG_WARN_OBJC_ROOT_CLASS = YES_ERROR;
				CLANG_WARN_QUOTED_INCLUDE_IN_FRAMEWORK_HEADER = YES;
				CLANG_WARN_RANGE_LOOP_ANALYSIS = YES;
				CLANG_WARN_STRICT_PROTOTYPES = YES;
				CLANG_WARN_SUSPICIOUS_MOVE = YES;
				CLANG_WARN_UNREACHABLE_CODE = YES;
				CLANG_WARN__DUPLICATE_METHOD_MATCH = YES;
				DEAD_CODE_STRIPPING = YES;
				DEBUG_INFORMATION_FORMAT = "dwarf-with-dsym";
				ENABLE_STRICT_OBJC_MSGSEND = YES;
				GCC_C_LANGUAGE_STANDARD = c99;
				GCC_INLINES_ARE_PRIVATE_EXTERN = YES;
				GCC_NO_COMMON_BLOCKS = YES;
				GCC_VERSION = "";
				GCC_WARN_64_TO_32_BIT_CONVERSION = YES;
				GCC_WARN_ABOUT_RETURN_TYPE = YES;
				GCC_WARN_UNDECLARED_SELECTOR = YES;
				GCC_WARN_UNINITIALIZED_AUTOS = YES;
				GCC_WARN_UNUSED_FUNCTION = YES;
				GCC_WARN_UNUSED_VARIABLE = YES;
				IPHONEOS_DEPLOYMENT_TARGET = 12.0;
				MACOSX_DEPLOYMENT_TARGET = 10.13;
				SDKROOT = macosx;
				SKIP_INSTALL = YES;
				SWIFT_OPTIMIZATION_LEVEL = "-Owholemodule";
				SWIFT_VERSION = 5.0;
				TVOS_DEPLOYMENT_TARGET = 12.0;
			};
			name = Release;
		};
		5518C6DC1BDAFDCC00D50302 /* Debug */ = {
			isa = XCBuildConfiguration;
			buildSettings = {
				ALWAYS_EMBED_SWIFT_STANDARD_LIBRARIES = YES;
				ALWAYS_SEARCH_USER_PATHS = NO;
				CLANG_ENABLE_MODULES = YES;
				CLANG_WARN_DIRECT_OBJC_ISA_USAGE = YES_ERROR;
				CLANG_WARN_OBJC_ROOT_CLASS = YES_ERROR;
				CODE_SIGN_IDENTITY = "-";
				COMBINE_HIDPI_IMAGES = YES;
				COPY_PHASE_STRIP = NO;
				DEAD_CODE_STRIPPING = YES;
				GCC_C_LANGUAGE_STANDARD = gnu99;
				GCC_DYNAMIC_NO_PIC = NO;
				GCC_PREPROCESSOR_DEFINITIONS = (
					"DEBUG=1",
					"$(inherited)",
				);
				GCC_WARN_ABOUT_RETURN_TYPE = YES_ERROR;
				GCC_WARN_UNINITIALIZED_AUTOS = YES_AGGRESSIVE;
				INFOPLIST_FILE = UniversalDetectorTests/Info.plist;
				LD_RUNPATH_SEARCH_PATHS = "$(inherited) @executable_path/../Frameworks @loader_path/../Frameworks";
				MACOSX_DEPLOYMENT_TARGET = 10.11;
				MTL_ENABLE_DEBUG_INFO = YES;
				PRODUCT_BUNDLE_IDENTIFIER = com.github.maddthesane.UniversalDetectorTests;
				PRODUCT_NAME = "$(TARGET_NAME)";
				SUPPORTED_PLATFORMS = "appletvsimulator appletvos iphonesimulator iphoneos macosx";
				VALID_ARCHS = "arm64 armv7 armv7s i386 x86_64";
			};
			name = Debug;
		};
		5518C6DD1BDAFDCC00D50302 /* Release */ = {
			isa = XCBuildConfiguration;
			buildSettings = {
				ALWAYS_EMBED_SWIFT_STANDARD_LIBRARIES = YES;
				ALWAYS_SEARCH_USER_PATHS = NO;
				CLANG_ENABLE_MODULES = YES;
				CLANG_WARN_DIRECT_OBJC_ISA_USAGE = YES_ERROR;
				CLANG_WARN_OBJC_ROOT_CLASS = YES_ERROR;
				CODE_SIGN_IDENTITY = "-";
				COMBINE_HIDPI_IMAGES = YES;
				COPY_PHASE_STRIP = NO;
				DEAD_CODE_STRIPPING = YES;
				ENABLE_NS_ASSERTIONS = NO;
				GCC_C_LANGUAGE_STANDARD = gnu99;
				GCC_WARN_ABOUT_RETURN_TYPE = YES_ERROR;
				GCC_WARN_UNINITIALIZED_AUTOS = YES_AGGRESSIVE;
				INFOPLIST_FILE = UniversalDetectorTests/Info.plist;
				LD_RUNPATH_SEARCH_PATHS = "$(inherited) @executable_path/../Frameworks @loader_path/../Frameworks";
				MACOSX_DEPLOYMENT_TARGET = 10.11;
				MTL_ENABLE_DEBUG_INFO = NO;
				PRODUCT_BUNDLE_IDENTIFIER = com.github.maddthesane.UniversalDetectorTests;
				PRODUCT_NAME = "$(TARGET_NAME)";
				SUPPORTED_PLATFORMS = "appletvsimulator appletvos iphonesimulator iphoneos macosx";
				VALID_ARCHS = "arm64 armv7 armv7s i386 x86_64";
			};
			name = Release;
		};
		55F5908F1EB53613000B4973 /* Debug */ = {
			isa = XCBuildConfiguration;
			buildSettings = {
				CLANG_ANALYZER_NONNULL = YES;
				CLANG_ANALYZER_NUMBER_OBJECT_CONVERSION = YES_AGGRESSIVE;
				CLANG_ENABLE_MODULES = YES;
				CLANG_WARN_DOCUMENTATION_COMMENTS = YES;
				COPY_PHASE_STRIP = NO;
				DEAD_CODE_STRIPPING = YES;
				EXECUTABLE_PREFIX = lib;
				GCC_DYNAMIC_NO_PIC = NO;
				GCC_PRECOMPILE_PREFIX_HEADER = YES;
				GCC_PREFIX_HEADER = UniversalDetector_Prefix.pch;
				GCC_WARN_ABOUT_RETURN_TYPE = YES_ERROR;
				GCC_WARN_UNINITIALIZED_AUTOS = YES_AGGRESSIVE;
				MTL_ENABLE_DEBUG_INFO = YES;
				PRODUCT_NAME = UniversalDetector;
				SDKROOT = macosx;
				SUPPORTED_PLATFORMS = "appletvsimulator appletvos iphonesimulator iphoneos macosx";
				VALID_ARCHS = "arm64 armv7 armv7s i386 x86_64";
			};
			name = Debug;
		};
		55F590901EB53613000B4973 /* Release */ = {
			isa = XCBuildConfiguration;
			buildSettings = {
				CLANG_ANALYZER_NONNULL = YES;
				CLANG_ANALYZER_NUMBER_OBJECT_CONVERSION = YES_AGGRESSIVE;
				CLANG_ENABLE_MODULES = YES;
				CLANG_WARN_DOCUMENTATION_COMMENTS = YES;
				COPY_PHASE_STRIP = NO;
				DEAD_CODE_STRIPPING = YES;
				ENABLE_NS_ASSERTIONS = NO;
				EXECUTABLE_PREFIX = lib;
				GCC_PRECOMPILE_PREFIX_HEADER = YES;
				GCC_PREFIX_HEADER = UniversalDetector_Prefix.pch;
				GCC_WARN_ABOUT_RETURN_TYPE = YES_ERROR;
				GCC_WARN_UNINITIALIZED_AUTOS = YES_AGGRESSIVE;
				MTL_ENABLE_DEBUG_INFO = NO;
				PRODUCT_NAME = UniversalDetector;
				SDKROOT = macosx;
				SUPPORTED_PLATFORMS = "appletvsimulator appletvos iphonesimulator iphoneos macosx";
				VALID_ARCHS = "arm64 armv7 armv7s i386 x86_64";
			};
			name = Release;
		};
/* End XCBuildConfiguration section */

/* Begin XCConfigurationList section */
		1B0DDCAE0A2D0AFD0009B697 /* Build configuration list for PBXNativeTarget "DetectorTest" */ = {
			isa = XCConfigurationList;
			buildConfigurations = (
				1B0DDCAF0A2D0AFD0009B697 /* Debug */,
				1B0DDCB00A2D0AFD0009B697 /* Release */,
			);
			defaultConfigurationIsVisible = 0;
			defaultConfigurationName = Release;
		};
		1B467B2315CD9B1F001AB1DD /* Build configuration list for PBXNativeTarget "libUniversalDetector.ios.a" */ = {
			isa = XCConfigurationList;
			buildConfigurations = (
				1B467B2415CD9B1F001AB1DD /* Debug */,
				1B467B2515CD9B1F001AB1DD /* Release */,
			);
			defaultConfigurationIsVisible = 0;
			defaultConfigurationName = Release;
		};
		1B91CBDD11D821A70081E40A /* Build configuration list for PBXNativeTarget "libUniversalDetector.win.a" */ = {
			isa = XCConfigurationList;
			buildConfigurations = (
				1B91CBDE11D821A70081E40A /* Debug */,
				1B54130B13296EE3002AF4B8 /* Release */,
			);
			defaultConfigurationIsVisible = 0;
			defaultConfigurationName = Release;
		};
		1DEB91AD08733DA50010E9CD /* Build configuration list for PBXNativeTarget "UniversalDetector" */ = {
			isa = XCConfigurationList;
			buildConfigurations = (
				1DEB91AE08733DA50010E9CD /* Debug */,
				1DEB91AF08733DA50010E9CD /* Release */,
			);
			defaultConfigurationIsVisible = 0;
			defaultConfigurationName = Release;
		};
		1DEB91B108733DA50010E9CD /* Build configuration list for PBXProject "UniversalDetector" */ = {
			isa = XCConfigurationList;
			buildConfigurations = (
				1DEB91B208733DA50010E9CD /* Debug */,
				1DEB91B308733DA50010E9CD /* Release */,
			);
			defaultConfigurationIsVisible = 0;
			defaultConfigurationName = Release;
		};
		5518C6DE1BDAFDCC00D50302 /* Build configuration list for PBXNativeTarget "UniversalDetectorTests" */ = {
			isa = XCConfigurationList;
			buildConfigurations = (
				5518C6DC1BDAFDCC00D50302 /* Debug */,
				5518C6DD1BDAFDCC00D50302 /* Release */,
			);
			defaultConfigurationIsVisible = 0;
			defaultConfigurationName = Release;
		};
		55F590911EB53613000B4973 /* Build configuration list for PBXNativeTarget "Static Library" */ = {
			isa = XCConfigurationList;
			buildConfigurations = (
				55F5908F1EB53613000B4973 /* Debug */,
				55F590901EB53613000B4973 /* Release */,
			);
			defaultConfigurationIsVisible = 0;
			defaultConfigurationName = Release;
		};
/* End XCConfigurationList section */
	};
	rootObject = 0867D690FE84028FC02AAC07 /* Project object */;
}
